// !$*UTF8*$!
{
	archiveVersion = 1;
	classes = {
	};
	objectVersion = 46;
	objects = {

/* Begin PBXBuildFile section */
		07FFA462CFEE1D6E5DB0E30D /* AuthorizationService.swift in Sources */ = {isa = PBXBuildFile; fileRef = AF22B0CE720EE63E409D48A0 /* AuthorizationService.swift */; };
		122572A9B0B8841FDF3A2587 /* AuthViewControllerTests.swift in Sources */ = {isa = PBXBuildFile; fileRef = 2AA9A898A6753361A00059BB /* AuthViewControllerTests.swift */; };
		1489A4AEAEBDD6EA0C30B464 /* ChatListViewController.swift in Sources */ = {isa = PBXBuildFile; fileRef = 1A5C5F5DA94ECC5C23DF1504 /* ChatListViewController.swift */; };
		150217DDF6F191B4B2E44FE4 /* UserListMappingTests.swift in Sources */ = {isa = PBXBuildFile; fileRef = D8B73FAAAB18EBE2477A346A /* UserListMappingTests.swift */; };
		15DF2122F135F4425C807EC6 /* ProfileViewController.xib in Resources */ = {isa = PBXBuildFile; fileRef = ACB8BC2ED458110C79B02963 /* ProfileViewController.xib */; };
		1B58B1ADA7F253B92F4DD7EA /* ChatViewControllerTests.swift in Sources */ = {isa = PBXBuildFile; fileRef = 4B2B8DA9936A7B502378052B /* ChatViewControllerTests.swift */; };
		29DA51DB37B2767BC2D83BFB /* NotifiesViewController.swift in Sources */ = {isa = PBXBuildFile; fileRef = 647CC1F089A11A96CB7E3931 /* NotifiesViewController.swift */; };
		3132DEC51F9BF3CF00F1290D /* EventFieldTableViewCell.swift in Sources */ = {isa = PBXBuildFile; fileRef = 3132DEC31F9BF3CF00F1290D /* EventFieldTableViewCell.swift */; };
		3132DEC61F9BF3CF00F1290D /* EventFieldTableViewCell.xib in Resources */ = {isa = PBXBuildFile; fileRef = 3132DEC41F9BF3CF00F1290D /* EventFieldTableViewCell.xib */; };
		316700E01F9B86C700FB451D /* EventsViewController.swift in Sources */ = {isa = PBXBuildFile; fileRef = 316700DE1F9B86C700FB451D /* EventsViewController.swift */; };
		316700E11F9B86C700FB451D /* EventsViewController.xib in Resources */ = {isa = PBXBuildFile; fileRef = 316700DF1F9B86C700FB451D /* EventsViewController.xib */; };
		316700E31F9B872200FB451D /* Event.swift in Sources */ = {isa = PBXBuildFile; fileRef = 316700E21F9B872200FB451D /* Event.swift */; };
		3184362E1F9BCDAE00D4DC0F /* RoundedButton.swift in Sources */ = {isa = PBXBuildFile; fileRef = 3184362D1F9BCDAD00D4DC0F /* RoundedButton.swift */; };
		318436341F9BDBE300D4DC0F /* EventDetailsViewController.swift in Sources */ = {isa = PBXBuildFile; fileRef = 318436321F9BDBE300D4DC0F /* EventDetailsViewController.swift */; };
		318436351F9BDBE300D4DC0F /* EventDetailsViewController.xib in Resources */ = {isa = PBXBuildFile; fileRef = 318436331F9BDBE300D4DC0F /* EventDetailsViewController.xib */; };
		318436371F9BDD4300D4DC0F /* EventDetailsTableViewAdapter.swift in Sources */ = {isa = PBXBuildFile; fileRef = 318436361F9BDD4300D4DC0F /* EventDetailsTableViewAdapter.swift */; };
		3184363B1F9BDE6800D4DC0F /* EventDetailsHeaderTableViewCell.swift in Sources */ = {isa = PBXBuildFile; fileRef = 318436391F9BDE6800D4DC0F /* EventDetailsHeaderTableViewCell.swift */; };
		3184363C1F9BDE6800D4DC0F /* EventDetailsHeaderTableViewCell.xib in Resources */ = {isa = PBXBuildFile; fileRef = 3184363A1F9BDE6800D4DC0F /* EventDetailsHeaderTableViewCell.xib */; };
		3184363E1F9BEA5A00D4DC0F /* UINavigationController.swift in Sources */ = {isa = PBXBuildFile; fileRef = 3184363D1F9BEA5A00D4DC0F /* UINavigationController.swift */; };
		318436411F9BEE8200D4DC0F /* EventDescriptionTableViewCell.swift in Sources */ = {isa = PBXBuildFile; fileRef = 3184363F1F9BEE8200D4DC0F /* EventDescriptionTableViewCell.swift */; };
		318436421F9BEE8200D4DC0F /* EventDescriptionTableViewCell.xib in Resources */ = {isa = PBXBuildFile; fileRef = 318436401F9BEE8200D4DC0F /* EventDescriptionTableViewCell.xib */; };
		31ECF6C31F9B916500CB9A34 /* PageIndicatorCollectionViewCell.swift in Sources */ = {isa = PBXBuildFile; fileRef = 31ECF6C11F9B916500CB9A34 /* PageIndicatorCollectionViewCell.swift */; };
		31ECF6C41F9B916500CB9A34 /* PageIndicatorCollectionViewCell.xib in Resources */ = {isa = PBXBuildFile; fileRef = 31ECF6C21F9B916500CB9A34 /* PageIndicatorCollectionViewCell.xib */; };
		31ECF6C61F9B9C1200CB9A34 /* UIImage.swift in Sources */ = {isa = PBXBuildFile; fileRef = 31ECF6C51F9B9C1100CB9A34 /* UIImage.swift */; };
		31ECF6C91F9BA25700CB9A34 /* EventCollectionViewCell.swift in Sources */ = {isa = PBXBuildFile; fileRef = 31ECF6C71F9BA25700CB9A34 /* EventCollectionViewCell.swift */; };
		31ECF6CA1F9BA25700CB9A34 /* EventCollectionViewCell.xib in Resources */ = {isa = PBXBuildFile; fileRef = 31ECF6C81F9BA25700CB9A34 /* EventCollectionViewCell.xib */; };
		37864D002F8F9EC162CE3D02 /* ChatViewController.xib in Resources */ = {isa = PBXBuildFile; fileRef = 3D6DEBB2352629AAD783D2D2 /* ChatViewController.xib */; };
		44018B7A0D49E0A812989456 /* MyServiceServiceTests.swift in Sources */ = {isa = PBXBuildFile; fileRef = 47531760ED5EAFBE64F8E02B /* MyServiceServiceTests.swift */; };
		4A3AC3CA1F9BEB0A002D6E4F /* PostLikesRequest.swift in Sources */ = {isa = PBXBuildFile; fileRef = 4A3AC3C91F9BEB0A002D6E4F /* PostLikesRequest.swift */; };
		4A3AC3CC1F9BF20B002D6E4F /* CardView.swift in Sources */ = {isa = PBXBuildFile; fileRef = 4A3AC3CB1F9BF20B002D6E4F /* CardView.swift */; };
		4A3AC3CE1F9BF591002D6E4F /* PostDislikesRequest.swift in Sources */ = {isa = PBXBuildFile; fileRef = 4A3AC3CD1F9BF591002D6E4F /* PostDislikesRequest.swift */; };
		4AAD6F7B1F9A870A00633119 /* UIView.swift in Sources */ = {isa = PBXBuildFile; fileRef = 4AAD6F7A1F9A870A00633119 /* UIView.swift */; };
		4AAD6F7D1F9B39C400633119 /* CGAffineTransform.swift in Sources */ = {isa = PBXBuildFile; fileRef = 4AAD6F7C1F9B39C400633119 /* CGAffineTransform.swift */; };
		4AAD6F811F9B420000633119 /* PhotoSlider.swift in Sources */ = {isa = PBXBuildFile; fileRef = 4AAD6F801F9B420000633119 /* PhotoSlider.swift */; };
		4AAD6F831F9B422900633119 /* PhotoSlider.xib in Resources */ = {isa = PBXBuildFile; fileRef = 4AAD6F821F9B422900633119 /* PhotoSlider.xib */; };
		4F25B05C8619AE68106BE339 /* ChatViewController.swift in Sources */ = {isa = PBXBuildFile; fileRef = B028DB1A8D9CDF795E0BC9FC /* ChatViewController.swift */; };
		64D0AA04661EB23898DF619F /* ChatListViewControllerTests.swift in Sources */ = {isa = PBXBuildFile; fileRef = D3838ABF105A6304E1BFB9EA /* ChatListViewControllerTests.swift */; };
		70BC4C6E737864F72B545F85 /* SelectFavorsViewControllerTests.swift in Sources */ = {isa = PBXBuildFile; fileRef = 9F11A4713D2CB085395365F9 /* SelectFavorsViewControllerTests.swift */; };
		723C503B76B4AE1E399F8127 /* AuthorizationMappingTests.swift in Sources */ = {isa = PBXBuildFile; fileRef = 69B7F16AF6D69B3BBB796244 /* AuthorizationMappingTests.swift */; };
		79808A08FA5F29FF0D0A24FC /* PickerViewController.swift in Sources */ = {isa = PBXBuildFile; fileRef = A0F56011C0E21E52A6B0E898 /* PickerViewController.swift */; };
		82932D77E115A9C8AA2CB741 /* AuthorizationServiceTests.swift in Sources */ = {isa = PBXBuildFile; fileRef = 16092E590D95C053EB4D3508 /* AuthorizationServiceTests.swift */; };
		8569C6EF55CA900CB0E8E00F /* MyServiceMappingTests.swift in Sources */ = {isa = PBXBuildFile; fileRef = 14DA09B3F4EFC8C94494CFDA /* MyServiceMappingTests.swift */; };
		8A51C068880BCB1D9C8D088D /* AuthViewController.swift in Sources */ = {isa = PBXBuildFile; fileRef = F4647A734D281A9B991465AC /* AuthViewController.swift */; };
		8B0A4FB81F9A349E00B86005 /* .gitignore in Resources */ = {isa = PBXBuildFile; fileRef = 8B0A4FB71F9A349E00B86005 /* .gitignore */; };
		8B0A4FCC1F9A349E00B86005 /* AppDelegate.swift in Sources */ = {isa = PBXBuildFile; fileRef = 8B0A4FCB1F9A349E00B86005 /* AppDelegate.swift */; };
		8B0A4FCE1F9A349E00B86005 /* LaunchScreen.xib in Resources */ = {isa = PBXBuildFile; fileRef = 8B0A4FCD1F9A349E00B86005 /* LaunchScreen.xib */; };
		8B0A4FD01F9A349E00B86005 /* Assets.xcassets in Resources */ = {isa = PBXBuildFile; fileRef = 8B0A4FCF1F9A349E00B86005 /* Assets.xcassets */; };
		8B0A4FDE1F9A349E00B86005 /* InSearchTests.swift in Sources */ = {isa = PBXBuildFile; fileRef = 8B0A4FDD1F9A349E00B86005 /* InSearchTests.swift */; };
		8B0A4FF01F9A379900B86005 /* TabBarController.swift in Sources */ = {isa = PBXBuildFile; fileRef = 8B0A4FEE1F9A379900B86005 /* TabBarController.swift */; };
		8B0A4FF31F9A399900B86005 /* TabBarController.xib in Resources */ = {isa = PBXBuildFile; fileRef = 8B0A4FF21F9A399900B86005 /* TabBarController.xib */; };
		8B0A50041F9A4D1B00B86005 /* BaseServerRequest.swift in Sources */ = {isa = PBXBuildFile; fileRef = 8B0A4FF71F9A4D1B00B86005 /* BaseServerRequest.swift */; };
		8B0A50051F9A4D1B00B86005 /* NetworkLayerBaseErrors.swift in Sources */ = {isa = PBXBuildFile; fileRef = 8B0A4FF81F9A4D1B00B86005 /* NetworkLayerBaseErrors.swift */; };
		8B0A50061F9A4D1B00B86005 /* BaseResult.swift in Sources */ = {isa = PBXBuildFile; fileRef = 8B0A4FF91F9A4D1B00B86005 /* BaseResult.swift */; };
		8B0A50081F9A4D1B00B86005 /* ServerResponse.swift in Sources */ = {isa = PBXBuildFile; fileRef = 8B0A4FFC1F9A4D1B00B86005 /* ServerResponse.swift */; };
		8B0A50091F9A4D1B00B86005 /* MultipartData.swift in Sources */ = {isa = PBXBuildFile; fileRef = 8B0A4FFD1F9A4D1B00B86005 /* MultipartData.swift */; };
		8B0A500A1F9A4D1B00B86005 /* ServerRequest.swift in Sources */ = {isa = PBXBuildFile; fileRef = 8B0A4FFF1F9A4D1B00B86005 /* ServerRequest.swift */; };
		8B0A500B1F9A4D1B00B86005 /* ServerRequest+SupportedClasses.swift in Sources */ = {isa = PBXBuildFile; fileRef = 8B0A50001F9A4D1B00B86005 /* ServerRequest+SupportedClasses.swift */; };
		8B0A500C1F9A4D1B00B86005 /* SyncServerRequest.swift in Sources */ = {isa = PBXBuildFile; fileRef = 8B0A50011F9A4D1B00B86005 /* SyncServerRequest.swift */; };
		8B0A500D1F9A4D1B00B86005 /* ErrorMapperAdapter.swift in Sources */ = {isa = PBXBuildFile; fileRef = 8B0A50031F9A4D1B00B86005 /* ErrorMapperAdapter.swift */; };
		8B0A500F1F9A4D7400B86005 /* Colors.swift in Sources */ = {isa = PBXBuildFile; fileRef = 8B0A500E1F9A4D7400B86005 /* Colors.swift */; };
		8B0A50131F9A5E7600B86005 /* User.swift in Sources */ = {isa = PBXBuildFile; fileRef = 8B0A50121F9A5E7600B86005 /* User.swift */; };
		8B0A50151F9A5F8300B86005 /* GetUsersRequest.swift in Sources */ = {isa = PBXBuildFile; fileRef = 8B0A50141F9A5F8300B86005 /* GetUsersRequest.swift */; };
		8B0A50181F9A5FB100B86005 /* GetUserRequest.swift in Sources */ = {isa = PBXBuildFile; fileRef = 8B0A50171F9A5FB100B86005 /* GetUserRequest.swift */; };
		8B0A501A1F9A60BB00B86005 /* Constants.swift in Sources */ = {isa = PBXBuildFile; fileRef = 8B0A50191F9A60BA00B86005 /* Constants.swift */; };
		8B0A501C1F9A63FD00B86005 /* UIImageView.swift in Sources */ = {isa = PBXBuildFile; fileRef = 8B0A501B1F9A63FD00B86005 /* UIImageView.swift */; };
		8B0A501E1F9A7EF800B86005 /* VKDelegateImpl.swift in Sources */ = {isa = PBXBuildFile; fileRef = 8B0A501D1F9A7EF800B86005 /* VKDelegateImpl.swift */; };
		8B0A50201F9A80F800B86005 /* KeychainStorable.swift in Sources */ = {isa = PBXBuildFile; fileRef = 8B0A501F1F9A80F800B86005 /* KeychainStorable.swift */; };
		8B0A50221F9A811100B86005 /* KeychainStorage.swift in Sources */ = {isa = PBXBuildFile; fileRef = 8B0A50211F9A811100B86005 /* KeychainStorage.swift */; };
		8B3618FF1F9BFB4A00CC2B5C /* Array.swift in Sources */ = {isa = PBXBuildFile; fileRef = 8B3618FE1F9BFB4A00CC2B5C /* Array.swift */; };
		8B52CA0F1F9A859D00CC0DA2 /* SendTokenRequest.swift in Sources */ = {isa = PBXBuildFile; fileRef = 8B52CA0E1F9A859D00CC0DA2 /* SendTokenRequest.swift */; };
		8B52CA131F9A9CAF00CC0DA2 /* Localizable.strings in Resources */ = {isa = PBXBuildFile; fileRef = 8B52CA151F9A9CAF00CC0DA2 /* Localizable.strings */; };
		8B52CA181F9A9CDD00CC0DA2 /* Int.swift in Sources */ = {isa = PBXBuildFile; fileRef = 8B52CA171F9A9CDD00CC0DA2 /* Int.swift */; };
		8B52CA1A1F9A9DC100CC0DA2 /* Localizable.swift in Sources */ = {isa = PBXBuildFile; fileRef = 8B52CA191F9A9DC100CC0DA2 /* Localizable.swift */; };
		8B52CA1D1F9B1CC800CC0DA2 /* Category.swift in Sources */ = {isa = PBXBuildFile; fileRef = 8B52CA1C1F9B1CC800CC0DA2 /* Category.swift */; };
		8B52CA201F9B235700CC0DA2 /* FavorsTableViewCell.swift in Sources */ = {isa = PBXBuildFile; fileRef = 8B52CA1E1F9B235700CC0DA2 /* FavorsTableViewCell.swift */; };
		8B52CA211F9B235700CC0DA2 /* FavorsTableViewCell.xib in Resources */ = {isa = PBXBuildFile; fileRef = 8B52CA1F1F9B235700CC0DA2 /* FavorsTableViewCell.xib */; };
		8B6E2B251F9B4815008E1DCC /* GradientView.swift in Sources */ = {isa = PBXBuildFile; fileRef = 8B6E2B241F9B4815008E1DCC /* GradientView.swift */; };
		8B6E2B271F9B579A008E1DCC /* SelectFavorsTableViewAdapter.swift in Sources */ = {isa = PBXBuildFile; fileRef = 8B6E2B261F9B579A008E1DCC /* SelectFavorsTableViewAdapter.swift */; };
		8B6E2B291F9B595A008E1DCC /* CategoriesService.swift in Sources */ = {isa = PBXBuildFile; fileRef = 8B6E2B281F9B595A008E1DCC /* CategoriesService.swift */; };
		8B6E2B2C1F9B59F6008E1DCC /* GetCategoriesRequest.swift in Sources */ = {isa = PBXBuildFile; fileRef = 8B6E2B2B1F9B59F6008E1DCC /* GetCategoriesRequest.swift */; };
		8B6E2B2F1F9B6CA7008E1DCC /* SendCategoriesRequest.swift in Sources */ = {isa = PBXBuildFile; fileRef = 8B6E2B2E1F9B6CA7008E1DCC /* SendCategoriesRequest.swift */; };
		8B6E2B311F9B8873008E1DCC /* Reaction.swift in Sources */ = {isa = PBXBuildFile; fileRef = 8B6E2B301F9B8873008E1DCC /* Reaction.swift */; };
		8B6E2B341F9B8A6B008E1DCC /* ReactionTableViewCell.swift in Sources */ = {isa = PBXBuildFile; fileRef = 8B6E2B321F9B8A6B008E1DCC /* ReactionTableViewCell.swift */; };
		8B6E2B351F9B8A6B008E1DCC /* ReactionTableViewCell.xib in Resources */ = {isa = PBXBuildFile; fileRef = 8B6E2B331F9B8A6B008E1DCC /* ReactionTableViewCell.xib */; };
		8BBDC7A61F9BA65E00113DA9 /* NotifiesTableViewAdapter.swift in Sources */ = {isa = PBXBuildFile; fileRef = 8BBDC7A51F9BA65E00113DA9 /* NotifiesTableViewAdapter.swift */; };
		8BBDC7A81F9BBB4500113DA9 /* ActivityIndicated.swift in Sources */ = {isa = PBXBuildFile; fileRef = 8BBDC7A71F9BBB4500113DA9 /* ActivityIndicated.swift */; };
		8BBDC7AC1F9BD69D00113DA9 /* TipView.swift in Sources */ = {isa = PBXBuildFile; fileRef = 8BBDC7AB1F9BD69D00113DA9 /* TipView.swift */; };
		8BBDC7AE1F9BD6A800113DA9 /* TipView.xib in Resources */ = {isa = PBXBuildFile; fileRef = 8BBDC7AD1F9BD6A800113DA9 /* TipView.xib */; };
		8EB167F1399056433269C999 /* AuthViewController.xib in Resources */ = {isa = PBXBuildFile; fileRef = CECEF2B97387BFF79A13240A /* AuthViewController.xib */; };
		8F7B0410C03ADB52E2857FAC /* PartnerViewControllerTests.swift in Sources */ = {isa = PBXBuildFile; fileRef = 3D5532BB726D784E88414E7B /* PartnerViewControllerTests.swift */; };
		9035572AB47AACB3B9A8604F /* PartnerViewController.swift in Sources */ = {isa = PBXBuildFile; fileRef = DF429A9E9207CB1E74E0651B /* PartnerViewController.swift */; };
		96F61466A9AE7BF08C13FEED /* Pods_InSearch_InSearchTests.framework in Frameworks */ = {isa = PBXBuildFile; fileRef = 3962FB2CE40C448D527A7C60 /* Pods_InSearch_InSearchTests.framework */; };
		9FE10CD691FDAF33B49E0BE5 /* PartnerViewController.xib in Resources */ = {isa = PBXBuildFile; fileRef = 43A79C7D7DBBC7BDB9F00CC5 /* PartnerViewController.xib */; };
		A073789A5E9B8D1B71A5C2DE /* PickerViewControllerTests.swift in Sources */ = {isa = PBXBuildFile; fileRef = 3C5AD3370DEB6A8C59B8052E /* PickerViewControllerTests.swift */; };
		AD3C584CAE9CD7199D61166D /* SelectFavorsViewController.xib in Resources */ = {isa = PBXBuildFile; fileRef = 68B95A0C5B27639797F5F110 /* SelectFavorsViewController.xib */; };
		B6E70E4A9F9F087FC11C42D3 /* NotifiesViewController.xib in Resources */ = {isa = PBXBuildFile; fileRef = 24A81217B1653390955E4543 /* NotifiesViewController.xib */; };
		B7F55A2E302DC8941C803894 /* ProfileViewControllerTests.swift in Sources */ = {isa = PBXBuildFile; fileRef = 22EF6137CED6D5F85E995175 /* ProfileViewControllerTests.swift */; };
		BB2AD2570BE28A3B63A3F0F4 /* ChatListViewController.xib in Resources */ = {isa = PBXBuildFile; fileRef = 8F845B25FA3369A3199F0139 /* ChatListViewController.xib */; };
		C2A989B110F085251F13CB13 /* ProfileViewController.swift in Sources */ = {isa = PBXBuildFile; fileRef = FC731D244DD949EEF5444726 /* ProfileViewController.swift */; };
		D2E6CD134D67A62055249F42 /* UserListServiceTests.swift in Sources */ = {isa = PBXBuildFile; fileRef = 1F25F7DB97B7BFA8C6598441 /* UserListServiceTests.swift */; };
		EC2E3E2C2FBB846A45A4FD4B /* SelectFavorsViewController.swift in Sources */ = {isa = PBXBuildFile; fileRef = E9104907A262AD9D4D513878 /* SelectFavorsViewController.swift */; };
		ED3C66E63F37EBAB32F19FB1 /* NotifiesViewControllerTests.swift in Sources */ = {isa = PBXBuildFile; fileRef = E297122CEEF3AEACFDCF627A /* NotifiesViewControllerTests.swift */; };
		F0C55F877ED4978576D2BB26 /* Pods_InSearch.framework in Frameworks */ = {isa = PBXBuildFile; fileRef = 5A05BDC2CAE145CD654A180B /* Pods_InSearch.framework */; };
		F57E03C32B408FDC1A89F23B /* PickerViewController.xib in Resources */ = {isa = PBXBuildFile; fileRef = 35033645FFF63539C7A9AFB6 /* PickerViewController.xib */; };
		FBD8929C649C1E168C9E92EF /* UserService.swift in Sources */ = {isa = PBXBuildFile; fileRef = BE02FC7F6EA52D11D46D48C6 /* UserService.swift */; };
/* End PBXBuildFile section */

/* Begin PBXContainerItemProxy section */
		8B0A4FDA1F9A349E00B86005 /* PBXContainerItemProxy */ = {
			isa = PBXContainerItemProxy;
			containerPortal = 8B0A4FAA1F9A349E00B86005 /* Project object */;
			proxyType = 1;
			remoteGlobalIDString = 8B0A4FB11F9A349E00B86005;
			remoteInfo = InSearch;
		};
/* End PBXContainerItemProxy section */

/* Begin PBXFileReference section */
		11369D40F53F2CF101D4BA0E /* Pods-InSearch-InSearchTests.debug.xcconfig */ = {isa = PBXFileReference; includeInIndex = 1; lastKnownFileType = text.xcconfig; name = "Pods-InSearch-InSearchTests.debug.xcconfig"; path = "Pods/Target Support Files/Pods-InSearch-InSearchTests/Pods-InSearch-InSearchTests.debug.xcconfig"; sourceTree = "<group>"; };
		14DA09B3F4EFC8C94494CFDA /* MyServiceMappingTests.swift */ = {isa = PBXFileReference; includeInIndex = 1; lastKnownFileType = sourcecode.swift; name = MyServiceMappingTests.swift; path = ../Services/MyService/MyServiceMappingTests.swift; sourceTree = "<group>"; };
		16092E590D95C053EB4D3508 /* AuthorizationServiceTests.swift */ = {isa = PBXFileReference; includeInIndex = 1; lastKnownFileType = sourcecode.swift; name = AuthorizationServiceTests.swift; path = ../Services/Authorization/AuthorizationServiceTests.swift; sourceTree = "<group>"; };
		1A5C5F5DA94ECC5C23DF1504 /* ChatListViewController.swift */ = {isa = PBXFileReference; includeInIndex = 1; lastKnownFileType = sourcecode.swift; path = ChatListViewController.swift; sourceTree = "<group>"; };
		1F25F7DB97B7BFA8C6598441 /* UserListServiceTests.swift */ = {isa = PBXFileReference; includeInIndex = 1; lastKnownFileType = sourcecode.swift; name = UserListServiceTests.swift; path = ../Services/UserList/UserListServiceTests.swift; sourceTree = "<group>"; };
		22EF6137CED6D5F85E995175 /* ProfileViewControllerTests.swift */ = {isa = PBXFileReference; includeInIndex = 1; lastKnownFileType = sourcecode.swift; path = ProfileViewControllerTests.swift; sourceTree = "<group>"; };
		24A81217B1653390955E4543 /* NotifiesViewController.xib */ = {isa = PBXFileReference; includeInIndex = 1; lastKnownFileType = file.xib; path = NotifiesViewController.xib; sourceTree = "<group>"; };
		279D218C281B66BAF96442A8 /* Pods-InSearch.debug.xcconfig */ = {isa = PBXFileReference; includeInIndex = 1; lastKnownFileType = text.xcconfig; name = "Pods-InSearch.debug.xcconfig"; path = "Pods/Target Support Files/Pods-InSearch/Pods-InSearch.debug.xcconfig"; sourceTree = "<group>"; };
		2AA9A898A6753361A00059BB /* AuthViewControllerTests.swift */ = {isa = PBXFileReference; includeInIndex = 1; lastKnownFileType = sourcecode.swift; path = AuthViewControllerTests.swift; sourceTree = "<group>"; };
		3132DEC31F9BF3CF00F1290D /* EventFieldTableViewCell.swift */ = {isa = PBXFileReference; lastKnownFileType = sourcecode.swift; path = EventFieldTableViewCell.swift; sourceTree = "<group>"; };
		3132DEC41F9BF3CF00F1290D /* EventFieldTableViewCell.xib */ = {isa = PBXFileReference; lastKnownFileType = file.xib; path = EventFieldTableViewCell.xib; sourceTree = "<group>"; };
		316700DE1F9B86C700FB451D /* EventsViewController.swift */ = {isa = PBXFileReference; lastKnownFileType = sourcecode.swift; path = EventsViewController.swift; sourceTree = "<group>"; };
		316700DF1F9B86C700FB451D /* EventsViewController.xib */ = {isa = PBXFileReference; lastKnownFileType = file.xib; path = EventsViewController.xib; sourceTree = "<group>"; };
		316700E21F9B872200FB451D /* Event.swift */ = {isa = PBXFileReference; lastKnownFileType = sourcecode.swift; path = Event.swift; sourceTree = "<group>"; };
		3184362D1F9BCDAD00D4DC0F /* RoundedButton.swift */ = {isa = PBXFileReference; fileEncoding = 4; lastKnownFileType = sourcecode.swift; path = RoundedButton.swift; sourceTree = "<group>"; };
		318436321F9BDBE300D4DC0F /* EventDetailsViewController.swift */ = {isa = PBXFileReference; lastKnownFileType = sourcecode.swift; path = EventDetailsViewController.swift; sourceTree = "<group>"; };
		318436331F9BDBE300D4DC0F /* EventDetailsViewController.xib */ = {isa = PBXFileReference; lastKnownFileType = file.xib; path = EventDetailsViewController.xib; sourceTree = "<group>"; };
		318436361F9BDD4300D4DC0F /* EventDetailsTableViewAdapter.swift */ = {isa = PBXFileReference; lastKnownFileType = sourcecode.swift; path = EventDetailsTableViewAdapter.swift; sourceTree = "<group>"; };
		318436391F9BDE6800D4DC0F /* EventDetailsHeaderTableViewCell.swift */ = {isa = PBXFileReference; lastKnownFileType = sourcecode.swift; path = EventDetailsHeaderTableViewCell.swift; sourceTree = "<group>"; };
		3184363A1F9BDE6800D4DC0F /* EventDetailsHeaderTableViewCell.xib */ = {isa = PBXFileReference; lastKnownFileType = file.xib; path = EventDetailsHeaderTableViewCell.xib; sourceTree = "<group>"; };
		3184363D1F9BEA5A00D4DC0F /* UINavigationController.swift */ = {isa = PBXFileReference; lastKnownFileType = sourcecode.swift; path = UINavigationController.swift; sourceTree = "<group>"; };
		3184363F1F9BEE8200D4DC0F /* EventDescriptionTableViewCell.swift */ = {isa = PBXFileReference; lastKnownFileType = sourcecode.swift; path = EventDescriptionTableViewCell.swift; sourceTree = "<group>"; };
		318436401F9BEE8200D4DC0F /* EventDescriptionTableViewCell.xib */ = {isa = PBXFileReference; lastKnownFileType = file.xib; path = EventDescriptionTableViewCell.xib; sourceTree = "<group>"; };
		31ECF6C11F9B916500CB9A34 /* PageIndicatorCollectionViewCell.swift */ = {isa = PBXFileReference; lastKnownFileType = sourcecode.swift; path = PageIndicatorCollectionViewCell.swift; sourceTree = "<group>"; };
		31ECF6C21F9B916500CB9A34 /* PageIndicatorCollectionViewCell.xib */ = {isa = PBXFileReference; lastKnownFileType = file.xib; path = PageIndicatorCollectionViewCell.xib; sourceTree = "<group>"; };
		31ECF6C51F9B9C1100CB9A34 /* UIImage.swift */ = {isa = PBXFileReference; lastKnownFileType = sourcecode.swift; path = UIImage.swift; sourceTree = "<group>"; };
		31ECF6C71F9BA25700CB9A34 /* EventCollectionViewCell.swift */ = {isa = PBXFileReference; lastKnownFileType = sourcecode.swift; path = EventCollectionViewCell.swift; sourceTree = "<group>"; };
		31ECF6C81F9BA25700CB9A34 /* EventCollectionViewCell.xib */ = {isa = PBXFileReference; lastKnownFileType = file.xib; path = EventCollectionViewCell.xib; sourceTree = "<group>"; };
		3D6DEBB2352629AAD783D2D2 /* ChatViewController.xib */ = {isa = PBXFileReference; includeInIndex = 1; lastKnownFileType = file.xib; path = ChatViewController.xib; sourceTree = "<group>"; };
		35033645FFF63539C7A9AFB6 /* PickerViewController.xib */ = {isa = PBXFileReference; includeInIndex = 1; lastKnownFileType = file.xib; path = PickerViewController.xib; sourceTree = "<group>"; };
		3962FB2CE40C448D527A7C60 /* Pods_InSearch_InSearchTests.framework */ = {isa = PBXFileReference; explicitFileType = wrapper.framework; includeInIndex = 0; path = Pods_InSearch_InSearchTests.framework; sourceTree = BUILT_PRODUCTS_DIR; };
		3C5AD3370DEB6A8C59B8052E /* PickerViewControllerTests.swift */ = {isa = PBXFileReference; includeInIndex = 1; lastKnownFileType = sourcecode.swift; path = PickerViewControllerTests.swift; sourceTree = "<group>"; };
		3D5532BB726D784E88414E7B /* PartnerViewControllerTests.swift */ = {isa = PBXFileReference; includeInIndex = 1; lastKnownFileType = sourcecode.swift; path = PartnerViewControllerTests.swift; sourceTree = "<group>"; };
		43A79C7D7DBBC7BDB9F00CC5 /* PartnerViewController.xib */ = {isa = PBXFileReference; includeInIndex = 1; lastKnownFileType = file.xib; path = PartnerViewController.xib; sourceTree = "<group>"; };
		47531760ED5EAFBE64F8E02B /* MyServiceServiceTests.swift */ = {isa = PBXFileReference; includeInIndex = 1; lastKnownFileType = sourcecode.swift; name = MyServiceServiceTests.swift; path = ../Services/MyService/MyServiceServiceTests.swift; sourceTree = "<group>"; };
		4A3AC3C91F9BEB0A002D6E4F /* PostLikesRequest.swift */ = {isa = PBXFileReference; lastKnownFileType = sourcecode.swift; path = PostLikesRequest.swift; sourceTree = "<group>"; };
		4A3AC3CB1F9BF20B002D6E4F /* CardView.swift */ = {isa = PBXFileReference; lastKnownFileType = sourcecode.swift; path = CardView.swift; sourceTree = "<group>"; };
		4B2B8DA9936A7B502378052B /* ChatViewControllerTests.swift */ = {isa = PBXFileReference; includeInIndex = 1; lastKnownFileType = sourcecode.swift; path = ChatViewControllerTests.swift; sourceTree = "<group>"; };
		4A3AC3CD1F9BF591002D6E4F /* PostDislikesRequest.swift */ = {isa = PBXFileReference; lastKnownFileType = sourcecode.swift; path = PostDislikesRequest.swift; sourceTree = "<group>"; };
		4AAD6F7A1F9A870A00633119 /* UIView.swift */ = {isa = PBXFileReference; lastKnownFileType = sourcecode.swift; path = UIView.swift; sourceTree = "<group>"; };
		4AAD6F7C1F9B39C400633119 /* CGAffineTransform.swift */ = {isa = PBXFileReference; lastKnownFileType = sourcecode.swift; path = CGAffineTransform.swift; sourceTree = "<group>"; };
		4AAD6F801F9B420000633119 /* PhotoSlider.swift */ = {isa = PBXFileReference; lastKnownFileType = sourcecode.swift; path = PhotoSlider.swift; sourceTree = "<group>"; };
		4AAD6F821F9B422900633119 /* PhotoSlider.xib */ = {isa = PBXFileReference; lastKnownFileType = file.xib; path = PhotoSlider.xib; sourceTree = "<group>"; };
		5A05BDC2CAE145CD654A180B /* Pods_InSearch.framework */ = {isa = PBXFileReference; explicitFileType = wrapper.framework; includeInIndex = 0; path = Pods_InSearch.framework; sourceTree = BUILT_PRODUCTS_DIR; };
		647CC1F089A11A96CB7E3931 /* NotifiesViewController.swift */ = {isa = PBXFileReference; includeInIndex = 1; lastKnownFileType = sourcecode.swift; path = NotifiesViewController.swift; sourceTree = "<group>"; };
		68B95A0C5B27639797F5F110 /* SelectFavorsViewController.xib */ = {isa = PBXFileReference; includeInIndex = 1; lastKnownFileType = file.xib; path = SelectFavorsViewController.xib; sourceTree = "<group>"; };
		69B7F16AF6D69B3BBB796244 /* AuthorizationMappingTests.swift */ = {isa = PBXFileReference; includeInIndex = 1; lastKnownFileType = sourcecode.swift; name = AuthorizationMappingTests.swift; path = ../Services/Authorization/AuthorizationMappingTests.swift; sourceTree = "<group>"; };
		8B0A4FB21F9A349E00B86005 /* InSearch.app */ = {isa = PBXFileReference; explicitFileType = wrapper.application; includeInIndex = 0; path = InSearch.app; sourceTree = BUILT_PRODUCTS_DIR; };
		8B0A4FB61F9A349E00B86005 /* Podfile */ = {isa = PBXFileReference; lastKnownFileType = text; name = Podfile; path = ../Podfile; sourceTree = "<group>"; };
		8B0A4FB71F9A349E00B86005 /* .gitignore */ = {isa = PBXFileReference; lastKnownFileType = text; name = .gitignore; path = ../.gitignore; sourceTree = "<group>"; };
		8B0A4FCB1F9A349E00B86005 /* AppDelegate.swift */ = {isa = PBXFileReference; lastKnownFileType = sourcecode.swift; path = AppDelegate.swift; sourceTree = "<group>"; };
		8B0A4FCD1F9A349E00B86005 /* LaunchScreen.xib */ = {isa = PBXFileReference; lastKnownFileType = file.xib; path = LaunchScreen.xib; sourceTree = "<group>"; };
		8B0A4FCF1F9A349E00B86005 /* Assets.xcassets */ = {isa = PBXFileReference; lastKnownFileType = folder.assetcatalog; path = Assets.xcassets; sourceTree = "<group>"; };
		8B0A4FD31F9A349E00B86005 /* Rambafile */ = {isa = PBXFileReference; lastKnownFileType = text; name = Rambafile; path = ../Rambafile; sourceTree = "<group>"; };
		8B0A4FD41F9A349E00B86005 /* Info.plist */ = {isa = PBXFileReference; lastKnownFileType = text.plist.xml; path = Info.plist; sourceTree = "<group>"; };
		8B0A4FD91F9A349E00B86005 /* InSearchTests.xctest */ = {isa = PBXFileReference; explicitFileType = wrapper.cfbundle; includeInIndex = 0; path = InSearchTests.xctest; sourceTree = BUILT_PRODUCTS_DIR; };
		8B0A4FDD1F9A349E00B86005 /* InSearchTests.swift */ = {isa = PBXFileReference; lastKnownFileType = sourcecode.swift; path = InSearchTests.swift; sourceTree = "<group>"; };
		8B0A4FE51F9A349E00B86005 /* Info.plist */ = {isa = PBXFileReference; lastKnownFileType = text.plist.xml; path = Info.plist; sourceTree = "<group>"; };
		8B0A4FEE1F9A379900B86005 /* TabBarController.swift */ = {isa = PBXFileReference; fileEncoding = 4; lastKnownFileType = sourcecode.swift; path = TabBarController.swift; sourceTree = "<group>"; };
		8B0A4FF21F9A399900B86005 /* TabBarController.xib */ = {isa = PBXFileReference; fileEncoding = 4; lastKnownFileType = file.xib; path = TabBarController.xib; sourceTree = "<group>"; };
		8B0A4FF71F9A4D1B00B86005 /* BaseServerRequest.swift */ = {isa = PBXFileReference; fileEncoding = 4; lastKnownFileType = sourcecode.swift; path = BaseServerRequest.swift; sourceTree = "<group>"; };
		8B0A4FF81F9A4D1B00B86005 /* NetworkLayerBaseErrors.swift */ = {isa = PBXFileReference; fileEncoding = 4; lastKnownFileType = sourcecode.swift; path = NetworkLayerBaseErrors.swift; sourceTree = "<group>"; };
		8B0A4FF91F9A4D1B00B86005 /* BaseResult.swift */ = {isa = PBXFileReference; fileEncoding = 4; lastKnownFileType = sourcecode.swift; path = BaseResult.swift; sourceTree = "<group>"; };
		8B0A4FFC1F9A4D1B00B86005 /* ServerResponse.swift */ = {isa = PBXFileReference; fileEncoding = 4; lastKnownFileType = sourcecode.swift; path = ServerResponse.swift; sourceTree = "<group>"; };
		8B0A4FFD1F9A4D1B00B86005 /* MultipartData.swift */ = {isa = PBXFileReference; fileEncoding = 4; lastKnownFileType = sourcecode.swift; path = MultipartData.swift; sourceTree = "<group>"; };
		8B0A4FFF1F9A4D1B00B86005 /* ServerRequest.swift */ = {isa = PBXFileReference; fileEncoding = 4; lastKnownFileType = sourcecode.swift; path = ServerRequest.swift; sourceTree = "<group>"; };
		8B0A50001F9A4D1B00B86005 /* ServerRequest+SupportedClasses.swift */ = {isa = PBXFileReference; fileEncoding = 4; lastKnownFileType = sourcecode.swift; path = "ServerRequest+SupportedClasses.swift"; sourceTree = "<group>"; };
		8B0A50011F9A4D1B00B86005 /* SyncServerRequest.swift */ = {isa = PBXFileReference; fileEncoding = 4; lastKnownFileType = sourcecode.swift; path = SyncServerRequest.swift; sourceTree = "<group>"; };
		8B0A50031F9A4D1B00B86005 /* ErrorMapperAdapter.swift */ = {isa = PBXFileReference; fileEncoding = 4; lastKnownFileType = sourcecode.swift; path = ErrorMapperAdapter.swift; sourceTree = "<group>"; };
		8B0A500E1F9A4D7400B86005 /* Colors.swift */ = {isa = PBXFileReference; fileEncoding = 4; lastKnownFileType = sourcecode.swift; path = Colors.swift; sourceTree = "<group>"; };
		8B0A50121F9A5E7600B86005 /* User.swift */ = {isa = PBXFileReference; fileEncoding = 4; lastKnownFileType = sourcecode.swift; path = User.swift; sourceTree = "<group>"; };
		8B0A50141F9A5F8300B86005 /* GetUsersRequest.swift */ = {isa = PBXFileReference; fileEncoding = 4; lastKnownFileType = sourcecode.swift; path = GetUsersRequest.swift; sourceTree = "<group>"; };
		8B0A50171F9A5FB100B86005 /* GetUserRequest.swift */ = {isa = PBXFileReference; fileEncoding = 4; lastKnownFileType = sourcecode.swift; path = GetUserRequest.swift; sourceTree = "<group>"; };
		8B3618FE1F9BFB4A00CC2B5C /* Array.swift */ = {isa = PBXFileReference; fileEncoding = 4; lastKnownFileType = sourcecode.swift; path = Array.swift; sourceTree = "<group>"; };
		8B0A50191F9A60BA00B86005 /* Constants.swift */ = {isa = PBXFileReference; fileEncoding = 4; lastKnownFileType = sourcecode.swift; path = Constants.swift; sourceTree = "<group>"; };
		8B0A501B1F9A63FD00B86005 /* UIImageView.swift */ = {isa = PBXFileReference; fileEncoding = 4; lastKnownFileType = sourcecode.swift; path = UIImageView.swift; sourceTree = "<group>"; };
		8B0A501D1F9A7EF800B86005 /* VKDelegateImpl.swift */ = {isa = PBXFileReference; fileEncoding = 4; lastKnownFileType = sourcecode.swift; path = VKDelegateImpl.swift; sourceTree = "<group>"; };
		8B0A501F1F9A80F800B86005 /* KeychainStorable.swift */ = {isa = PBXFileReference; fileEncoding = 4; lastKnownFileType = sourcecode.swift; path = KeychainStorable.swift; sourceTree = "<group>"; };
		8B0A50211F9A811100B86005 /* KeychainStorage.swift */ = {isa = PBXFileReference; fileEncoding = 4; lastKnownFileType = sourcecode.swift; path = KeychainStorage.swift; sourceTree = "<group>"; };
		8B52CA0E1F9A859D00CC0DA2 /* SendTokenRequest.swift */ = {isa = PBXFileReference; fileEncoding = 4; lastKnownFileType = sourcecode.swift; path = SendTokenRequest.swift; sourceTree = "<group>"; };
		8B52CA141F9A9CAF00CC0DA2 /* en */ = {isa = PBXFileReference; lastKnownFileType = text.plist.strings; name = en; path = en.lproj/Localizable.strings; sourceTree = "<group>"; };
		8B52CA161F9A9CBF00CC0DA2 /* ru */ = {isa = PBXFileReference; lastKnownFileType = text.plist.strings; name = ru; path = ru.lproj/Localizable.strings; sourceTree = "<group>"; };
		8B52CA171F9A9CDD00CC0DA2 /* Int.swift */ = {isa = PBXFileReference; fileEncoding = 4; lastKnownFileType = sourcecode.swift; path = Int.swift; sourceTree = "<group>"; };
		8B52CA191F9A9DC100CC0DA2 /* Localizable.swift */ = {isa = PBXFileReference; fileEncoding = 4; lastKnownFileType = sourcecode.swift; path = Localizable.swift; sourceTree = "<group>"; };
		8B52CA1C1F9B1CC800CC0DA2 /* Category.swift */ = {isa = PBXFileReference; fileEncoding = 4; lastKnownFileType = sourcecode.swift; path = Category.swift; sourceTree = "<group>"; };
		8B52CA1E1F9B235700CC0DA2 /* FavorsTableViewCell.swift */ = {isa = PBXFileReference; fileEncoding = 4; lastKnownFileType = sourcecode.swift; path = FavorsTableViewCell.swift; sourceTree = "<group>"; };
		8B52CA1F1F9B235700CC0DA2 /* FavorsTableViewCell.xib */ = {isa = PBXFileReference; fileEncoding = 4; lastKnownFileType = file.xib; path = FavorsTableViewCell.xib; sourceTree = "<group>"; };
		8B6E2B241F9B4815008E1DCC /* GradientView.swift */ = {isa = PBXFileReference; fileEncoding = 4; lastKnownFileType = sourcecode.swift; path = GradientView.swift; sourceTree = "<group>"; };
		8B6E2B261F9B579A008E1DCC /* SelectFavorsTableViewAdapter.swift */ = {isa = PBXFileReference; fileEncoding = 4; lastKnownFileType = sourcecode.swift; path = SelectFavorsTableViewAdapter.swift; sourceTree = "<group>"; };
		8B6E2B281F9B595A008E1DCC /* CategoriesService.swift */ = {isa = PBXFileReference; fileEncoding = 4; lastKnownFileType = sourcecode.swift; path = CategoriesService.swift; sourceTree = "<group>"; };
		8B6E2B2B1F9B59F6008E1DCC /* GetCategoriesRequest.swift */ = {isa = PBXFileReference; fileEncoding = 4; lastKnownFileType = sourcecode.swift; path = GetCategoriesRequest.swift; sourceTree = "<group>"; };
		8B6E2B2E1F9B6CA7008E1DCC /* SendCategoriesRequest.swift */ = {isa = PBXFileReference; fileEncoding = 4; lastKnownFileType = sourcecode.swift; path = SendCategoriesRequest.swift; sourceTree = "<group>"; };
		8BBDC7AB1F9BD69D00113DA9 /* TipView.swift */ = {isa = PBXFileReference; fileEncoding = 4; lastKnownFileType = sourcecode.swift; path = TipView.swift; sourceTree = "<group>"; };
		8BBDC7AD1F9BD6A800113DA9 /* TipView.xib */ = {isa = PBXFileReference; fileEncoding = 4; lastKnownFileType = file.xib; path = TipView.xib; sourceTree = "<group>"; };
		8B6E2B301F9B8873008E1DCC /* Reaction.swift */ = {isa = PBXFileReference; fileEncoding = 4; lastKnownFileType = sourcecode.swift; path = Reaction.swift; sourceTree = "<group>"; };
		8B6E2B321F9B8A6B008E1DCC /* ReactionTableViewCell.swift */ = {isa = PBXFileReference; fileEncoding = 4; lastKnownFileType = sourcecode.swift; path = ReactionTableViewCell.swift; sourceTree = "<group>"; };
		8B6E2B331F9B8A6B008E1DCC /* ReactionTableViewCell.xib */ = {isa = PBXFileReference; fileEncoding = 4; lastKnownFileType = file.xib; path = ReactionTableViewCell.xib; sourceTree = "<group>"; };
		8BBDC7A51F9BA65E00113DA9 /* NotifiesTableViewAdapter.swift */ = {isa = PBXFileReference; fileEncoding = 4; lastKnownFileType = sourcecode.swift; path = NotifiesTableViewAdapter.swift; sourceTree = "<group>"; };
		8BBDC7A71F9BBB4500113DA9 /* ActivityIndicated.swift */ = {isa = PBXFileReference; fileEncoding = 4; lastKnownFileType = sourcecode.swift; path = ActivityIndicated.swift; sourceTree = "<group>"; };
		8F845B25FA3369A3199F0139 /* ChatListViewController.xib */ = {isa = PBXFileReference; includeInIndex = 1; lastKnownFileType = file.xib; path = ChatListViewController.xib; sourceTree = "<group>"; };
		B028DB1A8D9CDF795E0BC9FC /* ChatViewController.swift */ = {isa = PBXFileReference; includeInIndex = 1; lastKnownFileType = sourcecode.swift; path = ChatViewController.swift; sourceTree = "<group>"; };
		9C0BA1B5D852896FB2E7BE08 /* Pods-InSearch-InSearchTests.release.xcconfig */ = {isa = PBXFileReference; includeInIndex = 1; lastKnownFileType = text.xcconfig; name = "Pods-InSearch-InSearchTests.release.xcconfig"; path = "Pods/Target Support Files/Pods-InSearch-InSearchTests/Pods-InSearch-InSearchTests.release.xcconfig"; sourceTree = "<group>"; };
		9F11A4713D2CB085395365F9 /* SelectFavorsViewControllerTests.swift */ = {isa = PBXFileReference; includeInIndex = 1; lastKnownFileType = sourcecode.swift; path = SelectFavorsViewControllerTests.swift; sourceTree = "<group>"; };
		A0F56011C0E21E52A6B0E898 /* PickerViewController.swift */ = {isa = PBXFileReference; includeInIndex = 1; lastKnownFileType = sourcecode.swift; path = PickerViewController.swift; sourceTree = "<group>"; };
		ACB8BC2ED458110C79B02963 /* ProfileViewController.xib */ = {isa = PBXFileReference; includeInIndex = 1; lastKnownFileType = file.xib; path = ProfileViewController.xib; sourceTree = "<group>"; };
		AF22B0CE720EE63E409D48A0 /* AuthorizationService.swift */ = {isa = PBXFileReference; includeInIndex = 1; lastKnownFileType = sourcecode.swift; path = AuthorizationService.swift; sourceTree = "<group>"; };
		BE02FC7F6EA52D11D46D48C6 /* UserService.swift */ = {isa = PBXFileReference; includeInIndex = 1; lastKnownFileType = sourcecode.swift; path = UserService.swift; sourceTree = "<group>"; };
		CECEF2B97387BFF79A13240A /* AuthViewController.xib */ = {isa = PBXFileReference; includeInIndex = 1; lastKnownFileType = file.xib; path = AuthViewController.xib; sourceTree = "<group>"; };
		D3838ABF105A6304E1BFB9EA /* ChatListViewControllerTests.swift */ = {isa = PBXFileReference; includeInIndex = 1; lastKnownFileType = sourcecode.swift; path = ChatListViewControllerTests.swift; sourceTree = "<group>"; };
		D8B73FAAAB18EBE2477A346A /* UserListMappingTests.swift */ = {isa = PBXFileReference; includeInIndex = 1; lastKnownFileType = sourcecode.swift; name = UserListMappingTests.swift; path = ../Services/UserList/UserListMappingTests.swift; sourceTree = "<group>"; };
		DF429A9E9207CB1E74E0651B /* PartnerViewController.swift */ = {isa = PBXFileReference; includeInIndex = 1; lastKnownFileType = sourcecode.swift; path = PartnerViewController.swift; sourceTree = "<group>"; };
		E1C9349AEA75826FC1C61BFD /* Pods-InSearch.release.xcconfig */ = {isa = PBXFileReference; includeInIndex = 1; lastKnownFileType = text.xcconfig; name = "Pods-InSearch.release.xcconfig"; path = "Pods/Target Support Files/Pods-InSearch/Pods-InSearch.release.xcconfig"; sourceTree = "<group>"; };
		E297122CEEF3AEACFDCF627A /* NotifiesViewControllerTests.swift */ = {isa = PBXFileReference; includeInIndex = 1; lastKnownFileType = sourcecode.swift; path = NotifiesViewControllerTests.swift; sourceTree = "<group>"; };
		E9104907A262AD9D4D513878 /* SelectFavorsViewController.swift */ = {isa = PBXFileReference; includeInIndex = 1; lastKnownFileType = sourcecode.swift; path = SelectFavorsViewController.swift; sourceTree = "<group>"; };
		F4647A734D281A9B991465AC /* AuthViewController.swift */ = {isa = PBXFileReference; includeInIndex = 1; lastKnownFileType = sourcecode.swift; path = AuthViewController.swift; sourceTree = "<group>"; };
		FC731D244DD949EEF5444726 /* ProfileViewController.swift */ = {isa = PBXFileReference; includeInIndex = 1; lastKnownFileType = sourcecode.swift; path = ProfileViewController.swift; sourceTree = "<group>"; };
/* End PBXFileReference section */

/* Begin PBXFrameworksBuildPhase section */
		8B0A4FAF1F9A349E00B86005 /* Frameworks */ = {
			isa = PBXFrameworksBuildPhase;
			buildActionMask = 2147483647;
			files = (
				F0C55F877ED4978576D2BB26 /* Pods_InSearch.framework in Frameworks */,
			);
			runOnlyForDeploymentPostprocessing = 0;
		};
		8B0A4FD61F9A349E00B86005 /* Frameworks */ = {
			isa = PBXFrameworksBuildPhase;
			buildActionMask = 2147483647;
			files = (
				96F61466A9AE7BF08C13FEED /* Pods_InSearch_InSearchTests.framework in Frameworks */,
			);
			runOnlyForDeploymentPostprocessing = 0;
		};
/* End PBXFrameworksBuildPhase section */

/* Begin PBXGroup section */
		09D7E9E8E5F4170EE8F00958 /* Auth */ = {
			isa = PBXGroup;
			children = (
				67C1CC2CE5BC5E23694DE7B1 /* View */,
			);
			path = Auth;
			sourceTree = "<group>";
		};
		0B03DDEB156890AD3B63F1E7 /* Authorization */ = {
			isa = PBXGroup;
			children = (
				AF22B0CE720EE63E409D48A0 /* AuthorizationService.swift */,
				8B52CA101F9A85A000CC0DA2 /* Requests */,
			);
			path = Authorization;
			sourceTree = "<group>";
		};
		0DD36A99E994F09CE299D01A /* ChatList */ = {
			isa = PBXGroup;
			children = (
				FF9E5D09D69A27503A58E54A /* View */,
			);
			path = ChatList;
			sourceTree = "<group>";
		};
		0F97A91C56743466B1239674 /* View */ = {
			isa = PBXGroup;
			children = (
				3C5AD3370DEB6A8C59B8052E /* PickerViewControllerTests.swift */,
			);
			path = View;
			sourceTree = "<group>";
		};
		3667D0E0FE4B55C2CE5EF517 /* Chat */ = {
			isa = PBXGroup;
			children = (
				38C84EE4CA427C652094A7AB /* View */,
			);
			path = Chat;
			sourceTree = "<group>";
		};
		38C84EE4CA427C652094A7AB /* View */ = {
			isa = PBXGroup;
			children = (
				4B2B8DA9936A7B502378052B /* ChatViewControllerTests.swift */,
			);
			path = View;
			sourceTree = "<group>";
		};
		40A694050AB3950C2E4A573E /* View */ = {
			isa = PBXGroup;
			children = (
				B028DB1A8D9CDF795E0BC9FC /* ChatViewController.swift */,
				3D6DEBB2352629AAD783D2D2 /* ChatViewController.xib */,
				8BBDC7AB1F9BD69D00113DA9 /* TipView.swift */,
				8BBDC7AD1F9BD6A800113DA9 /* TipView.xib */,
			);
			path = View;
			sourceTree = "<group>";
		};
		316700DC1F9B869500FB451D /* Events */ = {
			isa = PBXGroup;
			children = (
				316700DD1F9B86A000FB451D /* View */,
			);
			path = Events;
			sourceTree = "<group>";
		};
		316700DD1F9B86A000FB451D /* View */ = {
			isa = PBXGroup;
			children = (
				31ECF6C01F9B913F00CB9A34 /* Cells */,
				316700DE1F9B86C700FB451D /* EventsViewController.swift */,
				316700DF1F9B86C700FB451D /* EventsViewController.xib */,
			);
			path = View;
			sourceTree = "<group>";
		};
		318436301F9BDB9600D4DC0F /* EventDetails */ = {
			isa = PBXGroup;
			children = (
				318436311F9BDBA900D4DC0F /* View */,
			);
			path = EventDetails;
			sourceTree = "<group>";
		};
		318436311F9BDBA900D4DC0F /* View */ = {
			isa = PBXGroup;
			children = (
				318436381F9BDDB600D4DC0F /* Cells */,
				318436321F9BDBE300D4DC0F /* EventDetailsViewController.swift */,
				318436331F9BDBE300D4DC0F /* EventDetailsViewController.xib */,
				318436361F9BDD4300D4DC0F /* EventDetailsTableViewAdapter.swift */,
			);
			path = View;
			sourceTree = "<group>";
		};
		318436381F9BDDB600D4DC0F /* Cells */ = {
			isa = PBXGroup;
			children = (
				318436391F9BDE6800D4DC0F /* EventDetailsHeaderTableViewCell.swift */,
				3184363A1F9BDE6800D4DC0F /* EventDetailsHeaderTableViewCell.xib */,
				3184363F1F9BEE8200D4DC0F /* EventDescriptionTableViewCell.swift */,
				318436401F9BEE8200D4DC0F /* EventDescriptionTableViewCell.xib */,
				3132DEC31F9BF3CF00F1290D /* EventFieldTableViewCell.swift */,
				3132DEC41F9BF3CF00F1290D /* EventFieldTableViewCell.xib */,
			);
			path = Cells;
			sourceTree = "<group>";
		};
		31ECF6C01F9B913F00CB9A34 /* Cells */ = {
			isa = PBXGroup;
			children = (
				31ECF6C11F9B916500CB9A34 /* PageIndicatorCollectionViewCell.swift */,
				31ECF6C21F9B916500CB9A34 /* PageIndicatorCollectionViewCell.xib */,
				31ECF6C71F9BA25700CB9A34 /* EventCollectionViewCell.swift */,
				31ECF6C81F9BA25700CB9A34 /* EventCollectionViewCell.xib */,
			);
			path = Cells;
			sourceTree = "<group>";
		};
		38F48619FF9015925F4C8A3F /* View */ = {
			isa = PBXGroup;
			children = (
				3D5532BB726D784E88414E7B /* PartnerViewControllerTests.swift */,
			);
			name = View;
			path = View;
			sourceTree = "<group>";
		};
		3D8C6F7FA3A5BDFA83BE57B0 /* Partner */ = {
			isa = PBXGroup;
			children = (
				38F48619FF9015925F4C8A3F /* View */,
			);
			name = Partner;
			path = Partner;
			sourceTree = "<group>";
		};
		4503C9A411020C414BA38F32 /* Notifies */ = {
			isa = PBXGroup;
			children = (
				F14688D83B30984BDC33F797 /* View */,
			);
			path = Notifies;
			sourceTree = "<group>";
		};
		4811B89FB5D89FE2CCF73EA0 /* View */ = {
			isa = PBXGroup;
			children = (
				A0F56011C0E21E52A6B0E898 /* PickerViewController.swift */,
				35033645FFF63539C7A9AFB6 /* PickerViewController.xib */,
			);
			path = View;
			sourceTree = "<group>";
		};
		55373BA99C4F5E973CC0947D /* UserList */ = {
			isa = PBXGroup;
			children = (
				BE02FC7F6EA52D11D46D48C6 /* UserService.swift */,
				8B0A50161F9A5F8600B86005 /* Requests */,
			);
			path = UserList;
			sourceTree = "<group>";
		};
		5EDD5649913B1C791244EA99 /* SelectFavors */ = {
			isa = PBXGroup;
			children = (
				7FD95EA06E0068EAA5D1CD20 /* View */,
			);
			path = SelectFavors;
			sourceTree = "<group>";
		};
		60B04E289EFB4F47E298EAA4 /* Profile */ = {
			isa = PBXGroup;
			children = (
				DFB3F07E97A1F7C5A09FB2E7 /* View */,
			);
			path = Profile;
			sourceTree = "<group>";
		};
		67C1CC2CE5BC5E23694DE7B1 /* View */ = {
			isa = PBXGroup;
			children = (
				F4647A734D281A9B991465AC /* AuthViewController.swift */,
				CECEF2B97387BFF79A13240A /* AuthViewController.xib */,
			);
			path = View;
			sourceTree = "<group>";
		};
		6C23875A6B8C963A9BF2344E /* Frameworks */ = {
			isa = PBXGroup;
			children = (
				5A05BDC2CAE145CD654A180B /* Pods_InSearch.framework */,
				3962FB2CE40C448D527A7C60 /* Pods_InSearch_InSearchTests.framework */,
			);
			name = Frameworks;
			sourceTree = "<group>";
		};
		7B0F0055827C0DE526F1D739 /* View */ = {
			isa = PBXGroup;
			children = (
				DF429A9E9207CB1E74E0651B /* PartnerViewController.swift */,
				43A79C7D7DBBC7BDB9F00CC5 /* PartnerViewController.xib */,
			);
			name = View;
			path = View;
			sourceTree = "<group>";
		};
		7B8932B8C9751D371D8C39BC /* View */ = {
			isa = PBXGroup;
			children = (
				2AA9A898A6753361A00059BB /* AuthViewControllerTests.swift */,
			);
			path = View;
			sourceTree = "<group>";
		};
		7FD95EA06E0068EAA5D1CD20 /* View */ = {
			isa = PBXGroup;
			children = (
				8B6E2B261F9B579A008E1DCC /* SelectFavorsTableViewAdapter.swift */,
				E9104907A262AD9D4D513878 /* SelectFavorsViewController.swift */,
				68B95A0C5B27639797F5F110 /* SelectFavorsViewController.xib */,
				8B52CA221F9B235B00CC0DA2 /* Reuse */,
			);
			path = View;
			sourceTree = "<group>";
		};
		83B6AC6F72B6BB180005AD92 /* ChatList */ = {
			isa = PBXGroup;
			children = (
				D4D69DEF025F3E54C0036FBE /* View */,
			);
			path = ChatList;
			sourceTree = "<group>";
		};
		86FEDD8B268E5C99BF4C1A77 /* Partner */ = {
			isa = PBXGroup;
			children = (
				7B0F0055827C0DE526F1D739 /* View */,
			);
			name = Partner;
			path = Partner;
			sourceTree = "<group>";
		};
		8861143DEC1AD08513915CDE /* SelectFavors */ = {
			isa = PBXGroup;
			children = (
				C720B66FBBB911E0BDFDF209 /* View */,
			);
			path = SelectFavors;
			sourceTree = "<group>";
		};
		8B0A4FA91F9A349E00B86005 = {
			isa = PBXGroup;
			children = (
				8B0A4FB41F9A349E00B86005 /* InSearch */,
				8B0A4FDC1F9A349E00B86005 /* InSearchTests */,
				8B0A4FB31F9A349E00B86005 /* Products */,
				CBA41C6E86C1984D24853D92 /* Pods */,
				6C23875A6B8C963A9BF2344E /* Frameworks */,
			);
			sourceTree = "<group>";
		};
		8B0A4FB31F9A349E00B86005 /* Products */ = {
			isa = PBXGroup;
			children = (
				8B0A4FB21F9A349E00B86005 /* InSearch.app */,
				8B0A4FD91F9A349E00B86005 /* InSearchTests.xctest */,
			);
			name = Products;
			sourceTree = "<group>";
		};
		8B0A4FB41F9A349E00B86005 /* InSearch */ = {
			isa = PBXGroup;
			children = (
				8B0A4FD41F9A349E00B86005 /* Info.plist */,
				8B0A4FCA1F9A349E00B86005 /* Application */,
				8B0A4FC41F9A349E00B86005 /* Library */,
				8B0A4FC11F9A349E00B86005 /* Models */,
				8B0A4FBC1F9A349E00B86005 /* Resources */,
				8B0A4FBB1F9A349E00B86005 /* Screens */,
				8B0A4FBA1F9A349E00B86005 /* Services */,
				8B0A4FB91F9A349E00B86005 /* Third Party */,
				8B0A4FB51F9A349E00B86005 /* Non-iOS Resources */,
			);
			path = InSearch;
			sourceTree = "<group>";
		};
		8B0A4FB51F9A349E00B86005 /* Non-iOS Resources */ = {
			isa = PBXGroup;
			children = (
				8B0A4FB61F9A349E00B86005 /* Podfile */,
				8B0A4FB71F9A349E00B86005 /* .gitignore */,
				8B0A4FD31F9A349E00B86005 /* Rambafile */,
			);
			name = "Non-iOS Resources";
			sourceTree = "<group>";
		};
		8B0A4FB91F9A349E00B86005 /* Third Party */ = {
			isa = PBXGroup;
			children = (
			);
			path = "Third Party";
			sourceTree = "<group>";
		};
		8B0A4FBA1F9A349E00B86005 /* Services */ = {
			isa = PBXGroup;
			children = (
				55373BA99C4F5E973CC0947D /* UserList */,
				0B03DDEB156890AD3B63F1E7 /* Authorization */,
				8B6E2B2A1F9B59DB008E1DCC /* Categories */,
			);
			path = Services;
			sourceTree = "<group>";
		};
		8B0A4FBB1F9A349E00B86005 /* Screens */ = {
			isa = PBXGroup;
			children = (
				318436301F9BDB9600D4DC0F /* EventDetails */,
				316700DC1F9B869500FB451D /* Events */,
				8B0A4FEE1F9A379900B86005 /* TabBarController.swift */,
				8B0A4FF21F9A399900B86005 /* TabBarController.xib */,
				09D7E9E8E5F4170EE8F00958 /* Auth */,
				C879FCE5F6745414F037152E /* Profile */,
				9797399628FEA523F766F3BA /* Picker */,
				83B6AC6F72B6BB180005AD92 /* ChatList */,
				4503C9A411020C414BA38F32 /* Notifies */,
				94C936673A8117AE663B525C /* Chat */,
				5EDD5649913B1C791244EA99 /* SelectFavors */,
				86FEDD8B268E5C99BF4C1A77 /* Partner */,
			);
			path = Screens;
			sourceTree = "<group>";
		};
		8B0A4FBC1F9A349E00B86005 /* Resources */ = {
			isa = PBXGroup;
			children = (
				8B0A4FBD1F9A349E00B86005 /* Strings */,
				8B0A4FBE1F9A349E00B86005 /* Images */,
				8B0A4FBF1F9A349E00B86005 /* Constants */,
				8B0A4FC01F9A349E00B86005 /* Fonts */,
			);
			path = Resources;
			sourceTree = "<group>";
		};
		8B0A4FBD1F9A349E00B86005 /* Strings */ = {
			isa = PBXGroup;
			children = (
				8B52CA151F9A9CAF00CC0DA2 /* Localizable.strings */,
				8B52CA191F9A9DC100CC0DA2 /* Localizable.swift */,
			);
			path = Strings;
			sourceTree = "<group>";
		};
		8B0A4FBE1F9A349E00B86005 /* Images */ = {
			isa = PBXGroup;
			children = (
				8B0A4FCF1F9A349E00B86005 /* Assets.xcassets */,
			);
			path = Images;
			sourceTree = "<group>";
		};
		8B0A4FBF1F9A349E00B86005 /* Constants */ = {
			isa = PBXGroup;
			children = (
				8B0A500E1F9A4D7400B86005 /* Colors.swift */,
				8B0A50191F9A60BA00B86005 /* Constants.swift */,
			);
			path = Constants;
			sourceTree = "<group>";
		};
		8B0A4FC01F9A349E00B86005 /* Fonts */ = {
			isa = PBXGroup;
			children = (
			);
			name = Fonts;
			sourceTree = "<group>";
		};
		8B0A4FC11F9A349E00B86005 /* Models */ = {
			isa = PBXGroup;
			children = (
				8B0A4FC21F9A349E00B86005 /* Entry */,
				8B0A4FC31F9A349E00B86005 /* Entity */,
			);
			path = Models;
			sourceTree = "<group>";
		};
		8B0A4FC21F9A349E00B86005 /* Entry */ = {
			isa = PBXGroup;
			children = (
			);
			path = Entry;
			sourceTree = "<group>";
		};
		8B0A4FC31F9A349E00B86005 /* Entity */ = {
			isa = PBXGroup;
			children = (
				8B52CA1C1F9B1CC800CC0DA2 /* Category.swift */,
				8B0A50121F9A5E7600B86005 /* User.swift */,
				8B6E2B301F9B8873008E1DCC /* Reaction.swift */,
				316700E21F9B872200FB451D /* Event.swift */,
			);
			name = Entity;
			sourceTree = "<group>";
		};
		8B0A4FC41F9A349E00B86005 /* Library */ = {
			isa = PBXGroup;
			children = (
				8B0A4FC51F9A349E00B86005 /* BaseClasses */,
				8B0A4FC61F9A349E00B86005 /* Utils */,
				8B0A4FC71F9A349E00B86005 /* Extensions */,
				8B0A4FC81F9A349E00B86005 /* Reusable Layer */,
				8B0A4FC91F9A349E00B86005 /* Protocols */,
			);
			path = Library;
			sourceTree = "<group>";
		};
		8B0A4FC51F9A349E00B86005 /* BaseClasses */ = {
			isa = PBXGroup;
			children = (
				8B0A4FF61F9A4D1B00B86005 /* Network */,
			);
			path = BaseClasses;
			sourceTree = "<group>";
		};
		8B0A4FC61F9A349E00B86005 /* Utils */ = {
			isa = PBXGroup;
			children = (
				8B0A50211F9A811100B86005 /* KeychainStorage.swift */,
			);
			path = Utils;
			sourceTree = "<group>";
		};
		8B0A4FC71F9A349E00B86005 /* Extensions */ = {
			isa = PBXGroup;
			children = (
				8B0A501B1F9A63FD00B86005 /* UIImageView.swift */,
				8B52CA171F9A9CDD00CC0DA2 /* Int.swift */,
				31ECF6C51F9B9C1100CB9A34 /* UIImage.swift */,
				3184363D1F9BEA5A00D4DC0F /* UINavigationController.swift */,
				4AAD6F7A1F9A870A00633119 /* UIView.swift */,
				4AAD6F7C1F9B39C400633119 /* CGAffineTransform.swift */,
				8B3618FE1F9BFB4A00CC2B5C /* Array.swift */,
			);
			path = Extensions;
			sourceTree = "<group>";
		};
		8B0A4FC81F9A349E00B86005 /* Reusable Layer */ = {
			isa = PBXGroup;
			children = (
				3184362D1F9BCDAD00D4DC0F /* RoundedButton.swift */,
				4AAD6F801F9B420000633119 /* PhotoSlider.swift */,
				4AAD6F821F9B422900633119 /* PhotoSlider.xib */,
				8B6E2B241F9B4815008E1DCC /* GradientView.swift */,
				4A3AC3CB1F9BF20B002D6E4F /* CardView.swift */,
			);
			path = "Reusable Layer";
			sourceTree = "<group>";
		};
		8B0A4FC91F9A349E00B86005 /* Protocols */ = {
			isa = PBXGroup;
			children = (
				8B0A501F1F9A80F800B86005 /* KeychainStorable.swift */,
				8BBDC7A71F9BBB4500113DA9 /* ActivityIndicated.swift */,
			);
			name = Protocols;
			sourceTree = "<group>";
		};
		8B0A4FCA1F9A349E00B86005 /* Application */ = {
			isa = PBXGroup;
			children = (
				8B0A4FCB1F9A349E00B86005 /* AppDelegate.swift */,
				8B0A501D1F9A7EF800B86005 /* VKDelegateImpl.swift */,
				8B0A4FCD1F9A349E00B86005 /* LaunchScreen.xib */,
			);
			path = Application;
			sourceTree = "<group>";
		};
		8B0A4FDC1F9A349E00B86005 /* InSearchTests */ = {
			isa = PBXGroup;
			children = (
				8B0A4FDD1F9A349E00B86005 /* InSearchTests.swift */,
				8B0A4FE51F9A349E00B86005 /* Info.plist */,
				8B0A4FE41F9A349E00B86005 /* Resources */,
				8B0A4FDF1F9A349E00B86005 /* Tests */,
			);
			path = InSearchTests;
			sourceTree = "<group>";
		};
		8B0A4FDF1F9A349E00B86005 /* Tests */ = {
			isa = PBXGroup;
			children = (
				8B0A4FE01F9A349E00B86005 /* Models */,
				8B0A4FE11F9A349E00B86005 /* Extensions */,
				8B0A4FE21F9A349E00B86005 /* Screens */,
				8B0A4FE31F9A349E00B86005 /* Services */,
			);
			path = Tests;
			sourceTree = "<group>";
		};
		8B0A4FE01F9A349E00B86005 /* Models */ = {
			isa = PBXGroup;
			children = (
			);
			path = Models;
			sourceTree = "<group>";
		};
		8B0A4FE11F9A349E00B86005 /* Extensions */ = {
			isa = PBXGroup;
			children = (
			);
			path = Extensions;
			sourceTree = "<group>";
		};
		8B0A4FE21F9A349E00B86005 /* Screens */ = {
			isa = PBXGroup;
			children = (
				60B04E289EFB4F47E298EAA4 /* Profile */,
				C3564F9EBFF5F6791066762A /* Picker */,
				0DD36A99E994F09CE299D01A /* ChatList */,
				8B28C0F9EBC5C63EFB9B71A0 /* Notifies */,
				BAEB983D3133DEF0C599883C /* Auth */,
				8861143DEC1AD08513915CDE /* SelectFavors */,
				3667D0E0FE4B55C2CE5EF517 /* Chat */,
				3D8C6F7FA3A5BDFA83BE57B0 /* Partner */,
			);
			path = Screens;
			sourceTree = "<group>";
		};
		8B0A4FE31F9A349E00B86005 /* Services */ = {
			isa = PBXGroup;
			children = (
				BDBA0C33CE94DE28CB14E45F /* MyService */,
				BC2CB59901E3C14A657FB7A7 /* UserList */,
				E6E3A01CC57F0C29212508D2 /* Authorization */,
			);
			name = Services;
			sourceTree = "<group>";
		};
		8B0A4FE41F9A349E00B86005 /* Resources */ = {
			isa = PBXGroup;
			children = (
			);
			path = Resources;
			sourceTree = "<group>";
		};
		8B0A4FF61F9A4D1B00B86005 /* Network */ = {
			isa = PBXGroup;
			children = (
				8B0A4FF71F9A4D1B00B86005 /* BaseServerRequest.swift */,
				8B0A4FF81F9A4D1B00B86005 /* NetworkLayerBaseErrors.swift */,
				8B0A4FF91F9A4D1B00B86005 /* BaseResult.swift */,
				8B0A4FFB1F9A4D1B00B86005 /* ServerPart */,
				8B0A50021F9A4D1B00B86005 /* ErrorAdapter */,
			);
			path = Network;
			sourceTree = "<group>";
		};
		94C936673A8117AE663B525C /* Chat */ = {
			isa = PBXGroup;
			children = (
				40A694050AB3950C2E4A573E /* View */,
			);
			path = Chat;
			sourceTree = "<group>";
		};
		8B0A4FFB1F9A4D1B00B86005 /* ServerPart */ = {
			isa = PBXGroup;
			children = (
				8B0A4FFC1F9A4D1B00B86005 /* ServerResponse.swift */,
				8B0A4FFD1F9A4D1B00B86005 /* MultipartData.swift */,
				8B0A4FFE1F9A4D1B00B86005 /* ServerRequests */,
			);
			path = ServerPart;
			sourceTree = "<group>";
		};
		8B0A4FFE1F9A4D1B00B86005 /* ServerRequests */ = {
			isa = PBXGroup;
			children = (
				8B0A4FFF1F9A4D1B00B86005 /* ServerRequest.swift */,
				8B0A50001F9A4D1B00B86005 /* ServerRequest+SupportedClasses.swift */,
				8B0A50011F9A4D1B00B86005 /* SyncServerRequest.swift */,
			);
			path = ServerRequests;
			sourceTree = "<group>";
		};
		8B0A50021F9A4D1B00B86005 /* ErrorAdapter */ = {
			isa = PBXGroup;
			children = (
				8B0A50031F9A4D1B00B86005 /* ErrorMapperAdapter.swift */,
			);
			path = ErrorAdapter;
			sourceTree = "<group>";
		};
		8B0A50161F9A5F8600B86005 /* Requests */ = {
			isa = PBXGroup;
			children = (
				8B0A50141F9A5F8300B86005 /* GetUsersRequest.swift */,
				8B0A50171F9A5FB100B86005 /* GetUserRequest.swift */,
				4A3AC3C91F9BEB0A002D6E4F /* PostLikesRequest.swift */,
				4A3AC3CD1F9BF591002D6E4F /* PostDislikesRequest.swift */,
			);
			name = Requests;
			sourceTree = "<group>";
		};
		8B28C0F9EBC5C63EFB9B71A0 /* Notifies */ = {
			isa = PBXGroup;
			children = (
				D1474566747D2A3291AF3456 /* View */,
			);
			path = Notifies;
			sourceTree = "<group>";
		};
		8B52CA101F9A85A000CC0DA2 /* Requests */ = {
			isa = PBXGroup;
			children = (
				8B52CA0E1F9A859D00CC0DA2 /* SendTokenRequest.swift */,
			);
			name = Requests;
			sourceTree = "<group>";
		};
		8B52CA221F9B235B00CC0DA2 /* Reuse */ = {
			isa = PBXGroup;
			children = (
				8B52CA1E1F9B235700CC0DA2 /* FavorsTableViewCell.swift */,
				8B52CA1F1F9B235700CC0DA2 /* FavorsTableViewCell.xib */,
			);
			name = Reuse;
			sourceTree = "<group>";
		};
		8B6E2B2A1F9B59DB008E1DCC /* Categories */ = {
			isa = PBXGroup;
			children = (
				8B6E2B281F9B595A008E1DCC /* CategoriesService.swift */,
				8B6E2B2D1F9B59FA008E1DCC /* Categories */,
			);
			name = Categories;
			sourceTree = "<group>";
		};
		8B6E2B2D1F9B59FA008E1DCC /* Categories */ = {
			isa = PBXGroup;
			children = (
				8B6E2B2B1F9B59F6008E1DCC /* GetCategoriesRequest.swift */,
				8B6E2B2E1F9B6CA7008E1DCC /* SendCategoriesRequest.swift */,
			);
			name = Categories;
			sourceTree = "<group>";
		};
		8B6E2B361F9B8AAF008E1DCC /* Reuse */ = {
			isa = PBXGroup;
			children = (
				8B6E2B321F9B8A6B008E1DCC /* ReactionTableViewCell.swift */,
				8B6E2B331F9B8A6B008E1DCC /* ReactionTableViewCell.xib */,
			);
			name = Reuse;
			sourceTree = "<group>";
		};
		9797399628FEA523F766F3BA /* Picker */ = {
			isa = PBXGroup;
			children = (
				4811B89FB5D89FE2CCF73EA0 /* View */,
			);
			path = Picker;
			sourceTree = "<group>";
		};
		BAEB983D3133DEF0C599883C /* Auth */ = {
			isa = PBXGroup;
			children = (
				7B8932B8C9751D371D8C39BC /* View */,
			);
			path = Auth;
			sourceTree = "<group>";
		};
		BC2CB59901E3C14A657FB7A7 /* UserList */ = {
			isa = PBXGroup;
			children = (
				1F25F7DB97B7BFA8C6598441 /* UserListServiceTests.swift */,
				D8B73FAAAB18EBE2477A346A /* UserListMappingTests.swift */,
			);
			path = UserList;
			sourceTree = "<group>";
		};
		BDBA0C33CE94DE28CB14E45F /* MyService */ = {
			isa = PBXGroup;
			children = (
				47531760ED5EAFBE64F8E02B /* MyServiceServiceTests.swift */,
				14DA09B3F4EFC8C94494CFDA /* MyServiceMappingTests.swift */,
			);
			path = MyService;
			sourceTree = "<group>";
		};
		C3564F9EBFF5F6791066762A /* Picker */ = {
			isa = PBXGroup;
			children = (
				0F97A91C56743466B1239674 /* View */,
			);
			path = Picker;
			sourceTree = "<group>";
		};
		C720B66FBBB911E0BDFDF209 /* View */ = {
			isa = PBXGroup;
			children = (
				9F11A4713D2CB085395365F9 /* SelectFavorsViewControllerTests.swift */,
			);
			path = View;
			sourceTree = "<group>";
		};
		C879FCE5F6745414F037152E /* Profile */ = {
			isa = PBXGroup;
			children = (
				DD829A060BC992982D6BEC1A /* View */,
			);
			path = Profile;
			sourceTree = "<group>";
		};
		CBA41C6E86C1984D24853D92 /* Pods */ = {
			isa = PBXGroup;
			children = (
				279D218C281B66BAF96442A8 /* Pods-InSearch.debug.xcconfig */,
				E1C9349AEA75826FC1C61BFD /* Pods-InSearch.release.xcconfig */,
				11369D40F53F2CF101D4BA0E /* Pods-InSearch-InSearchTests.debug.xcconfig */,
				9C0BA1B5D852896FB2E7BE08 /* Pods-InSearch-InSearchTests.release.xcconfig */,
			);
			name = Pods;
			sourceTree = "<group>";
		};
		D1474566747D2A3291AF3456 /* View */ = {
			isa = PBXGroup;
			children = (
				E297122CEEF3AEACFDCF627A /* NotifiesViewControllerTests.swift */,
			);
			path = View;
			sourceTree = "<group>";
		};
		D4D69DEF025F3E54C0036FBE /* View */ = {
			isa = PBXGroup;
			children = (
				1A5C5F5DA94ECC5C23DF1504 /* ChatListViewController.swift */,
				8F845B25FA3369A3199F0139 /* ChatListViewController.xib */,
			);
			path = View;
			sourceTree = "<group>";
		};
		DD829A060BC992982D6BEC1A /* View */ = {
			isa = PBXGroup;
			children = (
				FC731D244DD949EEF5444726 /* ProfileViewController.swift */,
				ACB8BC2ED458110C79B02963 /* ProfileViewController.xib */,
			);
			path = View;
			sourceTree = "<group>";
		};
		DFB3F07E97A1F7C5A09FB2E7 /* View */ = {
			isa = PBXGroup;
			children = (
				22EF6137CED6D5F85E995175 /* ProfileViewControllerTests.swift */,
			);
			path = View;
			sourceTree = "<group>";
		};
		E6E3A01CC57F0C29212508D2 /* Authorization */ = {
			isa = PBXGroup;
			children = (
				16092E590D95C053EB4D3508 /* AuthorizationServiceTests.swift */,
				69B7F16AF6D69B3BBB796244 /* AuthorizationMappingTests.swift */,
			);
			path = Authorization;
			sourceTree = "<group>";
		};
		F14688D83B30984BDC33F797 /* View */ = {
			isa = PBXGroup;
			children = (
				8BBDC7A51F9BA65E00113DA9 /* NotifiesTableViewAdapter.swift */,
				647CC1F089A11A96CB7E3931 /* NotifiesViewController.swift */,
				24A81217B1653390955E4543 /* NotifiesViewController.xib */,
				8B6E2B361F9B8AAF008E1DCC /* Reuse */,
			);
			path = View;
			sourceTree = "<group>";
		};
		FF9E5D09D69A27503A58E54A /* View */ = {
			isa = PBXGroup;
			children = (
				D3838ABF105A6304E1BFB9EA /* ChatListViewControllerTests.swift */,
			);
			path = View;
			sourceTree = "<group>";
		};
/* End PBXGroup section */

/* Begin PBXNativeTarget section */
		8B0A4FB11F9A349E00B86005 /* InSearch */ = {
			isa = PBXNativeTarget;
			buildConfigurationList = 8B0A4FE81F9A349E00B86005 /* Build configuration list for PBXNativeTarget "InSearch" */;
			buildPhases = (
				FC5E3E3708F613D3700E998A /* [CP] Check Pods Manifest.lock */,
				8B52CA1B1F9A9DD000CC0DA2 /* Swift Gen */,
				8B0A4FAE1F9A349E00B86005 /* Sources */,
				8B0A4FAF1F9A349E00B86005 /* Frameworks */,
				8B0A4FB01F9A349E00B86005 /* Resources */,
				F53BE65DFF7A2E233C1E4451 /* [CP] Embed Pods Frameworks */,
				9798E7B3BDBDEEDBC6D053DC /* [CP] Copy Pods Resources */,
			);
			buildRules = (
			);
			dependencies = (
			);
			name = InSearch;
			productName = InSearch;
			productReference = 8B0A4FB21F9A349E00B86005 /* InSearch.app */;
			productType = "com.apple.product-type.application";
		};
		8B0A4FD81F9A349E00B86005 /* InSearchTests */ = {
			isa = PBXNativeTarget;
			buildConfigurationList = 8B0A4FEB1F9A349E00B86005 /* Build configuration list for PBXNativeTarget "InSearchTests" */;
			buildPhases = (
				FDDFBC21ABC0FA03057039CB /* [CP] Check Pods Manifest.lock */,
				8B0A4FD51F9A349E00B86005 /* Sources */,
				8B0A4FD61F9A349E00B86005 /* Frameworks */,
				8B0A4FD71F9A349E00B86005 /* Resources */,
				5A55BA2CB8610DEAF76FE9A3 /* [CP] Embed Pods Frameworks */,
				2229D636DDB4AD3E549623B6 /* [CP] Copy Pods Resources */,
			);
			buildRules = (
			);
			dependencies = (
				8B0A4FDB1F9A349E00B86005 /* PBXTargetDependency */,
			);
			name = InSearchTests;
			productName = InSearchTests;
			productReference = 8B0A4FD91F9A349E00B86005 /* InSearchTests.xctest */;
			productType = "com.apple.product-type.bundle.unit-test";
		};
/* End PBXNativeTarget section */

/* Begin PBXProject section */
		8B0A4FAA1F9A349E00B86005 /* Project object */ = {
			isa = PBXProject;
			attributes = {
				LastSwiftUpdateCheck = 0830;
				LastUpgradeCheck = 0830;
				ORGANIZATIONNAME = "9th Bit";
				TargetAttributes = {
					8B0A4FB11F9A349E00B86005 = {
						CreatedOnToolsVersion = 8.3.3;
						DevelopmentTeam = QYFE8U765U;
						ProvisioningStyle = Automatic;
					};
					8B0A4FD81F9A349E00B86005 = {
						CreatedOnToolsVersion = 8.3.3;
						DevelopmentTeam = A4NNFV669G;
						ProvisioningStyle = Automatic;
						TestTargetID = 8B0A4FB11F9A349E00B86005;
					};
				};
			};
			buildConfigurationList = 8B0A4FAD1F9A349E00B86005 /* Build configuration list for PBXProject "InSearch" */;
			compatibilityVersion = "Xcode 3.2";
			developmentRegion = English;
			hasScannedForEncodings = 0;
			knownRegions = (
				en,
				ru,
			);
			mainGroup = 8B0A4FA91F9A349E00B86005;
			productRefGroup = 8B0A4FB31F9A349E00B86005 /* Products */;
			projectDirPath = "";
			projectRoot = "";
			targets = (
				8B0A4FB11F9A349E00B86005 /* InSearch */,
				8B0A4FD81F9A349E00B86005 /* InSearchTests */,
			);
		};
/* End PBXProject section */

/* Begin PBXResourcesBuildPhase section */
		8B0A4FB01F9A349E00B86005 /* Resources */ = {
			isa = PBXResourcesBuildPhase;
			buildActionMask = 2147483647;
			files = (
				8B0A4FCE1F9A349E00B86005 /* LaunchScreen.xib in Resources */,
				8B0A4FD01F9A349E00B86005 /* Assets.xcassets in Resources */,
				4AAD6F831F9B422900633119 /* PhotoSlider.xib in Resources */,
				8B0A4FF31F9A399900B86005 /* TabBarController.xib in Resources */,
				8B0A4FB81F9A349E00B86005 /* .gitignore in Resources */,
				8B52CA211F9B235700CC0DA2 /* FavorsTableViewCell.xib in Resources */,
				8BBDC7AE1F9BD6A800113DA9 /* TipView.xib in Resources */,
				318436421F9BEE8200D4DC0F /* EventDescriptionTableViewCell.xib in Resources */,
				31ECF6C41F9B916500CB9A34 /* PageIndicatorCollectionViewCell.xib in Resources */,
				318436351F9BDBE300D4DC0F /* EventDetailsViewController.xib in Resources */,
				15DF2122F135F4425C807EC6 /* ProfileViewController.xib in Resources */,
				8B52CA131F9A9CAF00CC0DA2 /* Localizable.strings in Resources */,
				316700E11F9B86C700FB451D /* EventsViewController.xib in Resources */,
				F57E03C32B408FDC1A89F23B /* PickerViewController.xib in Resources */,
				BB2AD2570BE28A3B63A3F0F4 /* ChatListViewController.xib in Resources */,
				3184363C1F9BDE6800D4DC0F /* EventDetailsHeaderTableViewCell.xib in Resources */,
				8B6E2B351F9B8A6B008E1DCC /* ReactionTableViewCell.xib in Resources */,
				37864D002F8F9EC162CE3D02 /* ChatViewController.xib in Resources */,
				B6E70E4A9F9F087FC11C42D3 /* NotifiesViewController.xib in Resources */,
				8EB167F1399056433269C999 /* AuthViewController.xib in Resources */,
				3132DEC61F9BF3CF00F1290D /* EventFieldTableViewCell.xib in Resources */,
				AD3C584CAE9CD7199D61166D /* SelectFavorsViewController.xib in Resources */,
				31ECF6CA1F9BA25700CB9A34 /* EventCollectionViewCell.xib in Resources */,
				9FE10CD691FDAF33B49E0BE5 /* PartnerViewController.xib in Resources */,
			);
			runOnlyForDeploymentPostprocessing = 0;
		};
		8B0A4FD71F9A349E00B86005 /* Resources */ = {
			isa = PBXResourcesBuildPhase;
			buildActionMask = 2147483647;
			files = (
			);
			runOnlyForDeploymentPostprocessing = 0;
		};
/* End PBXResourcesBuildPhase section */

/* Begin PBXShellScriptBuildPhase section */
		2229D636DDB4AD3E549623B6 /* [CP] Copy Pods Resources */ = {
			isa = PBXShellScriptBuildPhase;
			buildActionMask = 2147483647;
			files = (
			);
			inputPaths = (
			);
			name = "[CP] Copy Pods Resources";
			outputPaths = (
			);
			runOnlyForDeploymentPostprocessing = 0;
			shellPath = /bin/sh;
			shellScript = "\"${SRCROOT}/Pods/Target Support Files/Pods-InSearch-InSearchTests/Pods-InSearch-InSearchTests-resources.sh\"\n";
			showEnvVarsInLog = 0;
		};
		5A55BA2CB8610DEAF76FE9A3 /* [CP] Embed Pods Frameworks */ = {
			isa = PBXShellScriptBuildPhase;
			buildActionMask = 2147483647;
			files = (
			);
			inputPaths = (
				"${SRCROOT}/Pods/Target Support Files/Pods-InSearch-InSearchTests/Pods-InSearch-InSearchTests-frameworks.sh",
				"${BUILT_PRODUCTS_DIR}/Alamofire/Alamofire.framework",
				"${BUILT_PRODUCTS_DIR}/AlamofireImage/AlamofireImage.framework",
				"${BUILT_PRODUCTS_DIR}/AlamofireNetworkActivityIndicator/AlamofireNetworkActivityIndicator.framework",
				"${BUILT_PRODUCTS_DIR}/IQKeyboardManager/IQKeyboardManager.framework",
				"${BUILT_PRODUCTS_DIR}/Locksmith/Locksmith.framework",
				"${BUILT_PRODUCTS_DIR}/ObjectMapper/ObjectMapper.framework",
				"${BUILT_PRODUCTS_DIR}/SwiftyVK/SwiftyVK.framework",
				"${BUILT_PRODUCTS_DIR}/iCarousel/iCarousel.framework",
			);
			name = "[CP] Embed Pods Frameworks";
			outputPaths = (
				"${TARGET_BUILD_DIR}/${FRAMEWORKS_FOLDER_PATH}/Alamofire.framework",
				"${TARGET_BUILD_DIR}/${FRAMEWORKS_FOLDER_PATH}/AlamofireImage.framework",
				"${TARGET_BUILD_DIR}/${FRAMEWORKS_FOLDER_PATH}/AlamofireNetworkActivityIndicator.framework",
				"${TARGET_BUILD_DIR}/${FRAMEWORKS_FOLDER_PATH}/IQKeyboardManager.framework",
				"${TARGET_BUILD_DIR}/${FRAMEWORKS_FOLDER_PATH}/Locksmith.framework",
				"${TARGET_BUILD_DIR}/${FRAMEWORKS_FOLDER_PATH}/ObjectMapper.framework",
				"${TARGET_BUILD_DIR}/${FRAMEWORKS_FOLDER_PATH}/SwiftyVK.framework",
				"${TARGET_BUILD_DIR}/${FRAMEWORKS_FOLDER_PATH}/iCarousel.framework",
			);
			runOnlyForDeploymentPostprocessing = 0;
			shellPath = /bin/sh;
			shellScript = "\"${SRCROOT}/Pods/Target Support Files/Pods-InSearch-InSearchTests/Pods-InSearch-InSearchTests-frameworks.sh\"\n";
			showEnvVarsInLog = 0;
		};
		8B52CA1B1F9A9DD000CC0DA2 /* Swift Gen */ = {
			isa = PBXShellScriptBuildPhase;
			buildActionMask = 2147483647;
			files = (
			);
			inputPaths = (
			);
			name = "Swift Gen";
			outputPaths = (
			);
			runOnlyForDeploymentPostprocessing = 0;
			shellPath = /bin/sh;
			shellScript = "if which $PODS_ROOT/SwiftGen/bin/swiftgen >/dev/null; then\n\n$PODS_ROOT/SwiftGen/bin/swiftgen strings -t dot-syntax-swift3 \"$PROJECT_DIR/InSearch/Resources/Strings/en.lproj/Localizable.strings\" --output \"$PROJECT_DIR/InSearch/Resources/Strings/Localizable.swift\"\n\nelse\necho \"warning: SwiftGen not installed, download it from https://github.com/AliSoftware/SwiftGen\"\nfi";
		};
		9798E7B3BDBDEEDBC6D053DC /* [CP] Copy Pods Resources */ = {
			isa = PBXShellScriptBuildPhase;
			buildActionMask = 2147483647;
			files = (
			);
			inputPaths = (
			);
			name = "[CP] Copy Pods Resources";
			outputPaths = (
			);
			runOnlyForDeploymentPostprocessing = 0;
			shellPath = /bin/sh;
			shellScript = "\"${SRCROOT}/Pods/Target Support Files/Pods-InSearch/Pods-InSearch-resources.sh\"\n";
			showEnvVarsInLog = 0;
		};
		F53BE65DFF7A2E233C1E4451 /* [CP] Embed Pods Frameworks */ = {
			isa = PBXShellScriptBuildPhase;
			buildActionMask = 2147483647;
			files = (
			);
			inputPaths = (
				"${SRCROOT}/Pods/Target Support Files/Pods-InSearch/Pods-InSearch-frameworks.sh",
				"${BUILT_PRODUCTS_DIR}/Alamofire/Alamofire.framework",
				"${BUILT_PRODUCTS_DIR}/AlamofireImage/AlamofireImage.framework",
				"${BUILT_PRODUCTS_DIR}/AlamofireNetworkActivityIndicator/AlamofireNetworkActivityIndicator.framework",
				"${BUILT_PRODUCTS_DIR}/IQKeyboardManager/IQKeyboardManager.framework",
				"${BUILT_PRODUCTS_DIR}/Locksmith/Locksmith.framework",
				"${BUILT_PRODUCTS_DIR}/ObjectMapper/ObjectMapper.framework",
				"${BUILT_PRODUCTS_DIR}/SwiftyVK/SwiftyVK.framework",
				"${BUILT_PRODUCTS_DIR}/iCarousel/iCarousel.framework",
			);
			name = "[CP] Embed Pods Frameworks";
			outputPaths = (
				"${TARGET_BUILD_DIR}/${FRAMEWORKS_FOLDER_PATH}/Alamofire.framework",
				"${TARGET_BUILD_DIR}/${FRAMEWORKS_FOLDER_PATH}/AlamofireImage.framework",
				"${TARGET_BUILD_DIR}/${FRAMEWORKS_FOLDER_PATH}/AlamofireNetworkActivityIndicator.framework",
				"${TARGET_BUILD_DIR}/${FRAMEWORKS_FOLDER_PATH}/IQKeyboardManager.framework",
				"${TARGET_BUILD_DIR}/${FRAMEWORKS_FOLDER_PATH}/Locksmith.framework",
				"${TARGET_BUILD_DIR}/${FRAMEWORKS_FOLDER_PATH}/ObjectMapper.framework",
				"${TARGET_BUILD_DIR}/${FRAMEWORKS_FOLDER_PATH}/SwiftyVK.framework",
				"${TARGET_BUILD_DIR}/${FRAMEWORKS_FOLDER_PATH}/iCarousel.framework",
			);
			runOnlyForDeploymentPostprocessing = 0;
			shellPath = /bin/sh;
			shellScript = "\"${SRCROOT}/Pods/Target Support Files/Pods-InSearch/Pods-InSearch-frameworks.sh\"\n";
			showEnvVarsInLog = 0;
		};
		FC5E3E3708F613D3700E998A /* [CP] Check Pods Manifest.lock */ = {
			isa = PBXShellScriptBuildPhase;
			buildActionMask = 2147483647;
			files = (
			);
			inputPaths = (
				"${PODS_PODFILE_DIR_PATH}/Podfile.lock",
				"${PODS_ROOT}/Manifest.lock",
			);
			name = "[CP] Check Pods Manifest.lock";
			outputPaths = (
				"$(DERIVED_FILE_DIR)/Pods-InSearch-checkManifestLockResult.txt",
			);
			runOnlyForDeploymentPostprocessing = 0;
			shellPath = /bin/sh;
			shellScript = "diff \"${PODS_PODFILE_DIR_PATH}/Podfile.lock\" \"${PODS_ROOT}/Manifest.lock\" > /dev/null\nif [ $? != 0 ] ; then\n    # print error to STDERR\n    echo \"error: The sandbox is not in sync with the Podfile.lock. Run 'pod install' or update your CocoaPods installation.\" >&2\n    exit 1\nfi\n# This output is used by Xcode 'outputs' to avoid re-running this script phase.\necho \"SUCCESS\" > \"${SCRIPT_OUTPUT_FILE_0}\"\n";
			showEnvVarsInLog = 0;
		};
		FDDFBC21ABC0FA03057039CB /* [CP] Check Pods Manifest.lock */ = {
			isa = PBXShellScriptBuildPhase;
			buildActionMask = 2147483647;
			files = (
			);
			inputPaths = (
				"${PODS_PODFILE_DIR_PATH}/Podfile.lock",
				"${PODS_ROOT}/Manifest.lock",
			);
			name = "[CP] Check Pods Manifest.lock";
			outputPaths = (
				"$(DERIVED_FILE_DIR)/Pods-InSearch-InSearchTests-checkManifestLockResult.txt",
			);
			runOnlyForDeploymentPostprocessing = 0;
			shellPath = /bin/sh;
			shellScript = "diff \"${PODS_PODFILE_DIR_PATH}/Podfile.lock\" \"${PODS_ROOT}/Manifest.lock\" > /dev/null\nif [ $? != 0 ] ; then\n    # print error to STDERR\n    echo \"error: The sandbox is not in sync with the Podfile.lock. Run 'pod install' or update your CocoaPods installation.\" >&2\n    exit 1\nfi\n# This output is used by Xcode 'outputs' to avoid re-running this script phase.\necho \"SUCCESS\" > \"${SCRIPT_OUTPUT_FILE_0}\"\n";
			showEnvVarsInLog = 0;
		};
/* End PBXShellScriptBuildPhase section */

/* Begin PBXSourcesBuildPhase section */
		8B0A4FAE1F9A349E00B86005 /* Sources */ = {
			isa = PBXSourcesBuildPhase;
			buildActionMask = 2147483647;
			files = (
				8B52CA181F9A9CDD00CC0DA2 /* Int.swift in Sources */,
				8B52CA201F9B235700CC0DA2 /* FavorsTableViewCell.swift in Sources */,
				3184363B1F9BDE6800D4DC0F /* EventDetailsHeaderTableViewCell.swift in Sources */,
				8B0A50091F9A4D1B00B86005 /* MultipartData.swift in Sources */,
				8B0A4FCC1F9A349E00B86005 /* AppDelegate.swift in Sources */,
				8B0A500A1F9A4D1B00B86005 /* ServerRequest.swift in Sources */,
				8B6E2B291F9B595A008E1DCC /* CategoriesService.swift in Sources */,
				8BBDC7A61F9BA65E00113DA9 /* NotifiesTableViewAdapter.swift in Sources */,
				4A3AC3CC1F9BF20B002D6E4F /* CardView.swift in Sources */,
				8B3618FF1F9BFB4A00CC2B5C /* Array.swift in Sources */,
				8B6E2B271F9B579A008E1DCC /* SelectFavorsTableViewAdapter.swift in Sources */,
				8B0A500F1F9A4D7400B86005 /* Colors.swift in Sources */,
				31ECF6C31F9B916500CB9A34 /* PageIndicatorCollectionViewCell.swift in Sources */,
				8B0A50081F9A4D1B00B86005 /* ServerResponse.swift in Sources */,
				8BBDC7A81F9BBB4500113DA9 /* ActivityIndicated.swift in Sources */,
				8B0A50061F9A4D1B00B86005 /* BaseResult.swift in Sources */,
				4A3AC3CE1F9BF591002D6E4F /* PostDislikesRequest.swift in Sources */,
				8B52CA1D1F9B1CC800CC0DA2 /* Category.swift in Sources */,
				8B0A501C1F9A63FD00B86005 /* UIImageView.swift in Sources */,
				4AAD6F7B1F9A870A00633119 /* UIView.swift in Sources */,
				8B0A50051F9A4D1B00B86005 /* NetworkLayerBaseErrors.swift in Sources */,
				4AAD6F7D1F9B39C400633119 /* CGAffineTransform.swift in Sources */,
				8B0A4FF01F9A379900B86005 /* TabBarController.swift in Sources */,
				8B0A50151F9A5F8300B86005 /* GetUsersRequest.swift in Sources */,
				4AAD6F811F9B420000633119 /* PhotoSlider.swift in Sources */,
				8B0A500B1F9A4D1B00B86005 /* ServerRequest+SupportedClasses.swift in Sources */,
				C2A989B110F085251F13CB13 /* ProfileViewController.swift in Sources */,
				8B6E2B2C1F9B59F6008E1DCC /* GetCategoriesRequest.swift in Sources */,
				8B0A501A1F9A60BB00B86005 /* Constants.swift in Sources */,
				8B0A500D1F9A4D1B00B86005 /* ErrorMapperAdapter.swift in Sources */,
				31ECF6C91F9BA25700CB9A34 /* EventCollectionViewCell.swift in Sources */,
				316700E01F9B86C700FB451D /* EventsViewController.swift in Sources */,
				79808A08FA5F29FF0D0A24FC /* PickerViewController.swift in Sources */,
				4A3AC3CA1F9BEB0A002D6E4F /* PostLikesRequest.swift in Sources */,
				8B0A50041F9A4D1B00B86005 /* BaseServerRequest.swift in Sources */,
				318436411F9BEE8200D4DC0F /* EventDescriptionTableViewCell.swift in Sources */,
				8BBDC7AC1F9BD69D00113DA9 /* TipView.swift in Sources */,
				318436371F9BDD4300D4DC0F /* EventDetailsTableViewAdapter.swift in Sources */,
				1489A4AEAEBDD6EA0C30B464 /* ChatListViewController.swift in Sources */,
				316700E31F9B872200FB451D /* Event.swift in Sources */,
				8B0A50221F9A811100B86005 /* KeychainStorage.swift in Sources */,
				31ECF6C61F9B9C1200CB9A34 /* UIImage.swift in Sources */,
				8B0A50201F9A80F800B86005 /* KeychainStorable.swift in Sources */,
				3132DEC51F9BF3CF00F1290D /* EventFieldTableViewCell.swift in Sources */,
				8B6E2B251F9B4815008E1DCC /* GradientView.swift in Sources */,
				8B0A501E1F9A7EF800B86005 /* VKDelegateImpl.swift in Sources */,
				8B0A50131F9A5E7600B86005 /* User.swift in Sources */,
				8B52CA1A1F9A9DC100CC0DA2 /* Localizable.swift in Sources */,
				8B6E2B311F9B8873008E1DCC /* Reaction.swift in Sources */,
				4F25B05C8619AE68106BE339 /* ChatViewController.swift in Sources */,
				29DA51DB37B2767BC2D83BFB /* NotifiesViewController.swift in Sources */,
				8B0A500C1F9A4D1B00B86005 /* SyncServerRequest.swift in Sources */,
				8B52CA0F1F9A859D00CC0DA2 /* SendTokenRequest.swift in Sources */,
				8B6E2B341F9B8A6B008E1DCC /* ReactionTableViewCell.swift in Sources */,
				FBD8929C649C1E168C9E92EF /* UserService.swift in Sources */,
				8B0A50181F9A5FB100B86005 /* GetUserRequest.swift in Sources */,
				3184363E1F9BEA5A00D4DC0F /* UINavigationController.swift in Sources */,
				318436341F9BDBE300D4DC0F /* EventDetailsViewController.swift in Sources */,
				3184362E1F9BCDAE00D4DC0F /* RoundedButton.swift in Sources */,
				07FFA462CFEE1D6E5DB0E30D /* AuthorizationService.swift in Sources */,
				8B6E2B2F1F9B6CA7008E1DCC /* SendCategoriesRequest.swift in Sources */,
				8A51C068880BCB1D9C8D088D /* AuthViewController.swift in Sources */,
				EC2E3E2C2FBB846A45A4FD4B /* SelectFavorsViewController.swift in Sources */,
				9035572AB47AACB3B9A8604F /* PartnerViewController.swift in Sources */,
			);
			runOnlyForDeploymentPostprocessing = 0;
		};
		8B0A4FD51F9A349E00B86005 /* Sources */ = {
			isa = PBXSourcesBuildPhase;
			buildActionMask = 2147483647;
			files = (
				8B0A4FDE1F9A349E00B86005 /* InSearchTests.swift in Sources */,
				44018B7A0D49E0A812989456 /* MyServiceServiceTests.swift in Sources */,
				8569C6EF55CA900CB0E8E00F /* MyServiceMappingTests.swift in Sources */,
				B7F55A2E302DC8941C803894 /* ProfileViewControllerTests.swift in Sources */,
				A073789A5E9B8D1B71A5C2DE /* PickerViewControllerTests.swift in Sources */,
				64D0AA04661EB23898DF619F /* ChatListViewControllerTests.swift in Sources */,
				ED3C66E63F37EBAB32F19FB1 /* NotifiesViewControllerTests.swift in Sources */,
				D2E6CD134D67A62055249F42 /* UserListServiceTests.swift in Sources */,
				150217DDF6F191B4B2E44FE4 /* UserListMappingTests.swift in Sources */,
				82932D77E115A9C8AA2CB741 /* AuthorizationServiceTests.swift in Sources */,
				723C503B76B4AE1E399F8127 /* AuthorizationMappingTests.swift in Sources */,
				122572A9B0B8841FDF3A2587 /* AuthViewControllerTests.swift in Sources */,
				70BC4C6E737864F72B545F85 /* SelectFavorsViewControllerTests.swift in Sources */,
				1B58B1ADA7F253B92F4DD7EA /* ChatViewControllerTests.swift in Sources */,
				8F7B0410C03ADB52E2857FAC /* PartnerViewControllerTests.swift in Sources */,
			);
			runOnlyForDeploymentPostprocessing = 0;
		};
/* End PBXSourcesBuildPhase section */

/* Begin PBXTargetDependency section */
		8B0A4FDB1F9A349E00B86005 /* PBXTargetDependency */ = {
			isa = PBXTargetDependency;
			target = 8B0A4FB11F9A349E00B86005 /* InSearch */;
			targetProxy = 8B0A4FDA1F9A349E00B86005 /* PBXContainerItemProxy */;
		};
/* End PBXTargetDependency section */

/* Begin PBXVariantGroup section */
		8B52CA151F9A9CAF00CC0DA2 /* Localizable.strings */ = {
			isa = PBXVariantGroup;
			children = (
				8B52CA141F9A9CAF00CC0DA2 /* en */,
				8B52CA161F9A9CBF00CC0DA2 /* ru */,
			);
			name = Localizable.strings;
			sourceTree = "<group>";
		};
/* End PBXVariantGroup section */

/* Begin XCBuildConfiguration section */
		8B0A4FE61F9A349E00B86005 /* Debug */ = {
			isa = XCBuildConfiguration;
			buildSettings = {
				ALWAYS_SEARCH_USER_PATHS = NO;
				CLANG_ANALYZER_LOCALIZABILITY_NONLOCALIZED = YES;
				CLANG_ANALYZER_NONNULL = YES;
				CLANG_ANALYZER_NUMBER_OBJECT_CONVERSION = YES_AGGRESSIVE;
				CLANG_CXX_LANGUAGE_STANDARD = "gnu++0x";
				CLANG_CXX_LIBRARY = "libc++";
				CLANG_ENABLE_MODULES = YES;
				CLANG_ENABLE_OBJC_ARC = YES;
				CLANG_WARN_BOOL_CONVERSION = YES;
				CLANG_WARN_CONSTANT_CONVERSION = YES;
				CLANG_WARN_DIRECT_OBJC_ISA_USAGE = YES_ERROR;
				CLANG_WARN_DOCUMENTATION_COMMENTS = YES;
				CLANG_WARN_EMPTY_BODY = YES;
				CLANG_WARN_ENUM_CONVERSION = YES;
				CLANG_WARN_INFINITE_RECURSION = YES;
				CLANG_WARN_INT_CONVERSION = YES;
				CLANG_WARN_OBJC_ROOT_CLASS = YES_ERROR;
				CLANG_WARN_SUSPICIOUS_MOVE = YES;
				CLANG_WARN_UNREACHABLE_CODE = YES;
				CLANG_WARN__DUPLICATE_METHOD_MATCH = YES;
				"CODE_SIGN_IDENTITY[sdk=iphoneos*]" = "iPhone Developer";
				COPY_PHASE_STRIP = NO;
				DEBUG_INFORMATION_FORMAT = dwarf;
				ENABLE_STRICT_OBJC_MSGSEND = YES;
				ENABLE_TESTABILITY = YES;
				GCC_C_LANGUAGE_STANDARD = gnu99;
				GCC_DYNAMIC_NO_PIC = NO;
				GCC_NO_COMMON_BLOCKS = YES;
				GCC_OPTIMIZATION_LEVEL = 0;
				GCC_PREPROCESSOR_DEFINITIONS = (
					"DEBUG=1",
					"$(inherited)",
				);
				GCC_WARN_64_TO_32_BIT_CONVERSION = YES;
				GCC_WARN_ABOUT_RETURN_TYPE = YES_ERROR;
				GCC_WARN_UNDECLARED_SELECTOR = YES;
				GCC_WARN_UNINITIALIZED_AUTOS = YES_AGGRESSIVE;
				GCC_WARN_UNUSED_FUNCTION = YES;
				GCC_WARN_UNUSED_VARIABLE = YES;
				IPHONEOS_DEPLOYMENT_TARGET = 9.0;
				MTL_ENABLE_DEBUG_INFO = YES;
				ONLY_ACTIVE_ARCH = YES;
				SDKROOT = iphoneos;
				SWIFT_ACTIVE_COMPILATION_CONDITIONS = DEBUG;
				SWIFT_OPTIMIZATION_LEVEL = "-Onone";
				TARGETED_DEVICE_FAMILY = "1,2";
			};
			name = Debug;
		};
		8B0A4FE71F9A349E00B86005 /* Release */ = {
			isa = XCBuildConfiguration;
			buildSettings = {
				ALWAYS_SEARCH_USER_PATHS = NO;
				CLANG_ANALYZER_LOCALIZABILITY_NONLOCALIZED = YES;
				CLANG_ANALYZER_NONNULL = YES;
				CLANG_ANALYZER_NUMBER_OBJECT_CONVERSION = YES_AGGRESSIVE;
				CLANG_CXX_LANGUAGE_STANDARD = "gnu++0x";
				CLANG_CXX_LIBRARY = "libc++";
				CLANG_ENABLE_MODULES = YES;
				CLANG_ENABLE_OBJC_ARC = YES;
				CLANG_WARN_BOOL_CONVERSION = YES;
				CLANG_WARN_CONSTANT_CONVERSION = YES;
				CLANG_WARN_DIRECT_OBJC_ISA_USAGE = YES_ERROR;
				CLANG_WARN_DOCUMENTATION_COMMENTS = YES;
				CLANG_WARN_EMPTY_BODY = YES;
				CLANG_WARN_ENUM_CONVERSION = YES;
				CLANG_WARN_INFINITE_RECURSION = YES;
				CLANG_WARN_INT_CONVERSION = YES;
				CLANG_WARN_OBJC_ROOT_CLASS = YES_ERROR;
				CLANG_WARN_SUSPICIOUS_MOVE = YES;
				CLANG_WARN_UNREACHABLE_CODE = YES;
				CLANG_WARN__DUPLICATE_METHOD_MATCH = YES;
				"CODE_SIGN_IDENTITY[sdk=iphoneos*]" = "iPhone Developer";
				COPY_PHASE_STRIP = NO;
				DEBUG_INFORMATION_FORMAT = "dwarf-with-dsym";
				ENABLE_NS_ASSERTIONS = NO;
				ENABLE_STRICT_OBJC_MSGSEND = YES;
				GCC_C_LANGUAGE_STANDARD = gnu99;
				GCC_NO_COMMON_BLOCKS = YES;
				GCC_WARN_64_TO_32_BIT_CONVERSION = YES;
				GCC_WARN_ABOUT_RETURN_TYPE = YES_ERROR;
				GCC_WARN_UNDECLARED_SELECTOR = YES;
				GCC_WARN_UNINITIALIZED_AUTOS = YES_AGGRESSIVE;
				GCC_WARN_UNUSED_FUNCTION = YES;
				GCC_WARN_UNUSED_VARIABLE = YES;
				IPHONEOS_DEPLOYMENT_TARGET = 9.0;
				MTL_ENABLE_DEBUG_INFO = NO;
				SDKROOT = iphoneos;
				SWIFT_OPTIMIZATION_LEVEL = "-Owholemodule";
				TARGETED_DEVICE_FAMILY = "1,2";
				VALIDATE_PRODUCT = YES;
			};
			name = Release;
		};
		8B0A4FE91F9A349E00B86005 /* Debug */ = {
			isa = XCBuildConfiguration;
			baseConfigurationReference = 279D218C281B66BAF96442A8 /* Pods-InSearch.debug.xcconfig */;
			buildSettings = {
				ASSETCATALOG_COMPILER_APPICON_NAME = AppIcon;
				DEVELOPMENT_TEAM = QYFE8U765U;
				INFOPLIST_FILE = InSearch/Info.plist;
				IPHONEOS_DEPLOYMENT_TARGET = 9.0;
				LD_RUNPATH_SEARCH_PATHS = "$(inherited) @executable_path/Frameworks";
				PRODUCT_BUNDLE_IDENTIFIER = com.9thbit.InSearch;
				PRODUCT_NAME = "$(TARGET_NAME)";
				SWIFT_VERSION = 3.0;
			};
			name = Debug;
		};
		8B0A4FEA1F9A349E00B86005 /* Release */ = {
			isa = XCBuildConfiguration;
			baseConfigurationReference = E1C9349AEA75826FC1C61BFD /* Pods-InSearch.release.xcconfig */;
			buildSettings = {
				ASSETCATALOG_COMPILER_APPICON_NAME = AppIcon;
				DEVELOPMENT_TEAM = QYFE8U765U;
				INFOPLIST_FILE = InSearch/Info.plist;
				IPHONEOS_DEPLOYMENT_TARGET = 9.0;
				LD_RUNPATH_SEARCH_PATHS = "$(inherited) @executable_path/Frameworks";
				PRODUCT_BUNDLE_IDENTIFIER = com.9thbit.InSearch;
				PRODUCT_NAME = "$(TARGET_NAME)";
				SWIFT_VERSION = 3.0;
			};
			name = Release;
		};
		8B0A4FEC1F9A349E00B86005 /* Debug */ = {
			isa = XCBuildConfiguration;
			baseConfigurationReference = 11369D40F53F2CF101D4BA0E /* Pods-InSearch-InSearchTests.debug.xcconfig */;
			buildSettings = {
				ALWAYS_EMBED_SWIFT_STANDARD_LIBRARIES = YES;
				BUNDLE_LOADER = "$(TEST_HOST)";
				DEVELOPMENT_TEAM = A4NNFV669G;
				INFOPLIST_FILE = InSearchTests/Info.plist;
				LD_RUNPATH_SEARCH_PATHS = "$(inherited) @executable_path/Frameworks @loader_path/Frameworks";
				PRODUCT_BUNDLE_IDENTIFIER = com.9thbit.InSearchTests;
				PRODUCT_NAME = "$(TARGET_NAME)";
				SWIFT_VERSION = 3.0;
				TEST_HOST = "$(BUILT_PRODUCTS_DIR)/InSearch.app/InSearch";
			};
			name = Debug;
		};
		8B0A4FED1F9A349E00B86005 /* Release */ = {
			isa = XCBuildConfiguration;
			baseConfigurationReference = 9C0BA1B5D852896FB2E7BE08 /* Pods-InSearch-InSearchTests.release.xcconfig */;
			buildSettings = {
				ALWAYS_EMBED_SWIFT_STANDARD_LIBRARIES = YES;
				BUNDLE_LOADER = "$(TEST_HOST)";
				DEVELOPMENT_TEAM = A4NNFV669G;
				INFOPLIST_FILE = InSearchTests/Info.plist;
				LD_RUNPATH_SEARCH_PATHS = "$(inherited) @executable_path/Frameworks @loader_path/Frameworks";
				PRODUCT_BUNDLE_IDENTIFIER = com.9thbit.InSearchTests;
				PRODUCT_NAME = "$(TARGET_NAME)";
				SWIFT_VERSION = 3.0;
				TEST_HOST = "$(BUILT_PRODUCTS_DIR)/InSearch.app/InSearch";
			};
			name = Release;
		};
/* End XCBuildConfiguration section */

/* Begin XCConfigurationList section */
		8B0A4FAD1F9A349E00B86005 /* Build configuration list for PBXProject "InSearch" */ = {
			isa = XCConfigurationList;
			buildConfigurations = (
				8B0A4FE61F9A349E00B86005 /* Debug */,
				8B0A4FE71F9A349E00B86005 /* Release */,
			);
			defaultConfigurationIsVisible = 0;
			defaultConfigurationName = Release;
		};
		8B0A4FE81F9A349E00B86005 /* Build configuration list for PBXNativeTarget "InSearch" */ = {
			isa = XCConfigurationList;
			buildConfigurations = (
				8B0A4FE91F9A349E00B86005 /* Debug */,
				8B0A4FEA1F9A349E00B86005 /* Release */,
			);
			defaultConfigurationIsVisible = 0;
			defaultConfigurationName = Release;
		};
		8B0A4FEB1F9A349E00B86005 /* Build configuration list for PBXNativeTarget "InSearchTests" */ = {
			isa = XCConfigurationList;
			buildConfigurations = (
				8B0A4FEC1F9A349E00B86005 /* Debug */,
				8B0A4FED1F9A349E00B86005 /* Release */,
			);
			defaultConfigurationIsVisible = 0;
			defaultConfigurationName = Release;
		};
/* End XCConfigurationList section */
	};
	rootObject = 8B0A4FAA1F9A349E00B86005 /* Project object */;
}
